version = 1
revision = 3
requires-python = "==3.11.*"

[[package]]
name = "aiofastnet"
version = "0.9.0"
source = { registry = "https://pypi.org/simple" }
sdist = { url = "https://files.pythonhosted.org/packages/56/a6/8dc485471235c5cfedc67f905218e3463d91bad9e73628ea4c6c77683f0a/aiofastnet-0.9.0.tar.gz", hash = "sha256:62a538d3d27a4c3f6ac928381078a81af9f9293d46ca6d8744314c59cb5aca17", size = 261643, upload-time = "2026-06-05T11:17:07.602Z" }
wheels = [
    { url = "https://files.pythonhosted.org/packages/00/e4/ccf0913745fb5c690cf3730c2c30fe7ba244ca80a9cc4cae98d3c582f859/aiofastnet-0.9.0-cp311-cp311-macosx_10_9_x86_64.whl", hash = "sha256:86d32585fdf8d059552ea396e78f1ef43d358bff7766fe258e0c16f1aedce78a", size = 392081, upload-time = "2026-06-05T11:15:57.149Z" },
    { url = "https://files.pythonhosted.org/packages/78/0b/737b0eaa57f55f47779601cbbdab68a5ccbea3cd1069867e288f433584a8/aiofastnet-0.9.0-cp311-cp311-macosx_11_0_arm64.whl", hash = "sha256:e3157612ec32fda55fabc6e98f1033d6596c1785945c268597ab82008fd6afc1", size = 378517, upload-time = "2026-06-05T11:15:58.507Z" },
    { url = "https://files.pythonhosted.org/packages/89/55/e33e07410f867edcd5d4ab00c43e24164bcaf3d20bd339ae0edefb5636ac/aiofastnet-0.9.0-cp311-cp311-manylinux2014_aarch64.manylinux_2_17_aarch64.manylinux_2_28_aarch64.whl", hash = "sha256:0034a6d188f83021d89eff1be34ddd3ee70ddcafa9ebb2d4a348d01fa91c82a7", size = 429992, upload-time = "2026-06-05T11:15:59.86Z" },
    { url = "https://files.pythonhosted.org/packages/ed/c6/1b40ac6e209d1e232040dee25759226357a16a596af25f2c3dc9f37f4e72/aiofastnet-0.9.0-cp311-cp311-manylinux2014_x86_64.manylinux_2_17_x86_64.manylinux_2_28_x86_64.whl", hash = "sha256:1185aba706bc865df1c3b81d56f79378cbc215f1f7ab680ebda78926508d4abf", size = 448023, upload-time = "2026-06-05T11:16:01.167Z" },
    { url = "https://files.pythonhosted.org/packages/16/a0/4c5bb518c55eb2ec5b3cf5112109365832ab04b28a35a14ddda3f7c5d642/aiofastnet-0.9.0-cp311-cp311-musllinux_1_2_aarch64.whl", hash = "sha256:2e60279bcef23b6b0f3a9b1c1b21359abde9b035d02cbf0afe8b88faf483e839", size = 436400, upload-time = "2026-06-05T11:16:02.441Z" },
    { url = "https://files.pythonhosted.org/packages/cf/42/b0bde7e323d2fccf5056f312ed172dc63e64217c2dbc2a9a14a39d0c7cb4/aiofastnet-0.9.0-cp311-cp311-musllinux_1_2_x86_64.whl", hash = "sha256:28603a68cc7193569481a823255a4c545a4d76724b85fe33b622ba523c8b44ed", size = 452527, upload-time = "2026-06-05T11:16:03.991Z" },
    { url = "https://files.pythonhosted.org/packages/d9/21/9649306d5f61edc579f6b6f85a352fb254691ff809618651f7a4718649be/aiofastnet-0.9.0-cp311-cp311-win32.whl", hash = "sha256:02135e42ee5e64a4e062b9bb81f250552b539e174516477e240079b7f5ec25d6", size = 317217, upload-time = "2026-06-05T11:16:05.445Z" },
    { url = "https://files.pythonhosted.org/packages/77/f8/db10de764eab15521e542696b31d87471a1787115d4ac62e49b80afca7fa/aiofastnet-0.9.0-cp311-cp311-win_amd64.whl", hash = "sha256:8f136d493ec858cfb1e0e3b628c432b520b42893e3b3df7f28122965970c584e", size = 358940, upload-time = "2026-06-05T11:16:06.822Z" },
    { url = "https://files.pythonhosted.org/packages/f9/17/c2083e657fc22229b2f6c8a597899b3714156eefa993e78c813591d76291/aiofastnet-0.9.0-cp311-cp311-win_arm64.whl", hash = "sha256:43eb02dc5eaf59a5fd09653f95c903ec9723924cc9ab496270320a317a14d0fc", size = 312836, upload-time = "2026-06-05T11:16:08.083Z" },
]

[[package]]
name = "annotated-types"
version = "0.7.0"
source = { registry = "https://pypi.org/simple" }
sdist = { url = "https://files.pythonhosted.org/packages/ee/67/531ea369ba64dcff5ec9c3402f9f51bf748cec26dde048a2f973a4eea7f5/annotated_types-0.7.0.tar.gz", hash = "sha256:aff07c09a53a08bc8cfccb9c85b05f1aa9a2a6f23728d790723543408344ce89", size = 16081, upload-time = "2024-05-20T21:33:25.928Z" }
wheels = [
    { url = "https://files.pythonhosted.org/packages/78/b6/6307fbef88d9b5ee7421e68d78a9f162e0da4900bc5f5793f6d3d0e34fb8/annotated_types-0.7.0-py3-none-any.whl", hash = "sha256:1f02e8b43a8fbbc3f3e0d4f0f4bfc8131bcb4eebe8849b8e5c773f3a1c582a53", size = 13643, upload-time = "2024-05-20T21:33:24.1Z" },
]

[[package]]
name = "asyncpg"
version = "0.31.0"
source = { registry = "https://pypi.org/simple" }
sdist = { url = "https://files.pythonhosted.org/packages/fe/cc/d18065ce2380d80b1bcce927c24a2642efd38918e33fd724bc4bca904877/asyncpg-0.31.0.tar.gz", hash = "sha256:c989386c83940bfbd787180f2b1519415e2d3d6277a70d9d0f0145ac73500735", size = 993667, upload-time = "2025-11-24T23:27:00.812Z" }
wheels = [
    { url = "https://files.pythonhosted.org/packages/08/17/cc02bc49bc350623d050fa139e34ea512cd6e020562f2a7312a7bcae4bc9/asyncpg-0.31.0-cp311-cp311-macosx_10_9_x86_64.whl", hash = "sha256:eee690960e8ab85063ba93af2ce128c0f52fd655fdff9fdb1a28df01329f031d", size = 643159, upload-time = "2025-11-24T23:25:36.443Z" },
    { url = "https://files.pythonhosted.org/packages/a4/62/4ded7d400a7b651adf06f49ea8f73100cca07c6df012119594d1e3447aa6/asyncpg-0.31.0-cp311-cp311-macosx_11_0_arm64.whl", hash = "sha256:2657204552b75f8288de08ca60faf4a99a65deef3a71d1467454123205a88fab", size = 638157, upload-time = "2025-11-24T23:25:37.89Z" },
    { url = "https://files.pythonhosted.org/packages/d6/5b/4179538a9a72166a0bf60ad783b1ef16efb7960e4d7b9afe9f77a5551680/asyncpg-0.31.0-cp311-cp311-manylinux2014_aarch64.manylinux_2_17_aarch64.manylinux_2_28_aarch64.whl", hash = "sha256:a429e842a3a4b4ea240ea52d7fe3f82d5149853249306f7ff166cb9948faa46c", size = 2918051, upload-time = "2025-11-24T23:25:39.461Z" },
    { url = "https://files.pythonhosted.org/packages/e6/35/c27719ae0536c5b6e61e4701391ffe435ef59539e9360959240d6e47c8c8/asyncpg-0.31.0-cp311-cp311-manylinux2014_x86_64.manylinux_2_17_x86_64.manylinux_2_28_x86_64.whl", hash = "sha256:c0807be46c32c963ae40d329b3a686356e417f674c976c07fa49f1b30303f109", size = 2972640, upload-time = "2025-11-24T23:25:41.512Z" },
    { url = "https://files.pythonhosted.org/packages/43/f4/01ebb9207f29e645a64699b9ce0eefeff8e7a33494e1d29bb53736f7766b/asyncpg-0.31.0-cp311-cp311-musllinux_1_2_aarch64.whl", hash = "sha256:e5d5098f63beeae93512ee513d4c0c53dc12e9aa2b7a1af5a81cddf93fe4e4da", size = 2851050, upload-time = "2025-11-24T23:25:43.153Z" },
    { url = "https://files.pythonhosted.org/packages/3e/f4/03ff1426acc87be0f4e8d40fa2bff5c3952bef0080062af9efc2212e3be8/asyncpg-0.31.0-cp311-cp311-musllinux_1_2_x86_64.whl", hash = "sha256:37fc6c00a814e18eef51833545d1891cac9aa69140598bb076b4cd29b3e010b9", size = 2962574, upload-time = "2025-11-24T23:25:44.942Z" },
    { url = "https://files.pythonhosted.org/packages/c7/39/cc788dfca3d4060f9d93e67be396ceec458dfc429e26139059e58c2c244d/asyncpg-0.31.0-cp311-cp311-win32.whl", hash = "sha256:5a4af56edf82a701aece93190cc4e094d2df7d33f6e915c222fb09efbb5afc24", size = 521076, upload-time = "2025-11-24T23:25:46.486Z" },
    { url = "https://files.pythonhosted.org/packages/28/fc/735af5384c029eb7f1ca60ccb8fa95521dbdaeef788edf4cecfc604c3cab/asyncpg-0.31.0-cp311-cp311-win_amd64.whl", hash = "sha256:480c4befbdf079c14c9ca43c8c5e1fe8b6296c96f1f927158d4f1e750aacc047", size = 584980, upload-time = "2025-11-24T23:25:47.938Z" },
]

[[package]]
name = "colorama"
version = "0.4.6"
source = { registry = "https://pypi.org/simple" }
sdist = { url = "https://files.pythonhosted.org/packages/d8/53/6f443c9a4a8358a93a6792e2acffb9d9d5cb0a5cfd8802644b7b1c9a02e4/colorama-0.4.6.tar.gz", hash = "sha256:08695f5cb7ed6e0531a20572697297273c47b8cae5a63ffc6d6ed5c201be6e44", size = 27697, upload-time = "2022-10-25T02:36:22.414Z" }
wheels = [
    { url = "https://files.pythonhosted.org/packages/d1/d6/3965ed04c63042e047cb6a3e6ed1a63a35087b6a609aa3a15ed8ac56c221/colorama-0.4.6-py2.py3-none-any.whl", hash = "sha256:4f1d9991f5acc0ca119f9d443620b77f9d6b33703e51011c16baf57afb285fc6", size = 25335, upload-time = "2022-10-25T02:36:20.889Z" },
]

[[package]]
name = "greenlet"
version = "3.5.1"
source = { registry = "https://pypi.org/simple" }
sdist = { url = "https://files.pythonhosted.org/packages/6d/6e/802acd792aebb2256fbbee8cacf2727faaeb6f240ac11008f09eae4414bc/greenlet-3.5.1.tar.gz", hash = "sha256:5a56aeb7d5d9cc4b3a735efb5095bd4b4f6f0e4f93e5ca876d0e2315137b7829", size = 197356, upload-time = "2026-05-20T15:05:03.917Z" }
wheels = [
    { url = "https://files.pythonhosted.org/packages/42/3c/ff890b466eaba2b0f5e6bdfff025f8c75f41b8ffdc3dbc3d24ad261e764a/greenlet-3.5.1-cp311-cp311-macosx_11_0_universal2.whl", hash = "sha256:73f78f9b9f0a5c06e5c946ba1e8e36f5114923b6be109ee618c54f079c3ea14f", size = 284764, upload-time = "2026-05-20T13:09:10.204Z" },
    { url = "https://files.pythonhosted.org/packages/81/0e/5e5457be3d256918f6a4756f073548a3f0190836e2cc94aa6d0d617a940b/greenlet-3.5.1-cp311-cp311-manylinux_2_24_aarch64.manylinux_2_28_aarch64.whl", hash = "sha256:a0cbed8bb44e23c5b199f888f4e4ce096b45ad9f25ff74a7ad0213875e936bb2", size = 603479, upload-time = "2026-05-20T14:00:04.757Z" },
    { url = "https://files.pythonhosted.org/packages/6d/e1/f89a21d58d308298e6f275f13a1b472ed96c680b601a371b08be6a725989/greenlet-3.5.1-cp311-cp311-manylinux_2_24_ppc64le.manylinux_2_28_ppc64le.whl", hash = "sha256:a203a8bd0acb0701653d3bbb26e404854a68674139ed5cbb778830f42b09bb33", size = 615495, upload-time = "2026-05-20T14:05:40.87Z" },
    { url = "https://files.pythonhosted.org/packages/75/de/af6cef182862d2ccd6975440d21c9058a77c3f9b469abf94e322dfd2e0e3/greenlet-3.5.1-cp311-cp311-manylinux_2_24_x86_64.manylinux_2_28_x86_64.whl", hash = "sha256:8a271fcd66c74615cda6a964fda3f304267a12e50a084472218a39bb0376f563", size = 614754, upload-time = "2026-05-20T13:14:24.947Z" },
    { url = "https://files.pythonhosted.org/packages/1a/c6/50e520283a9f19388a7326b05f9e8637e566003475eacaadad04f558c68d/greenlet-3.5.1-cp311-cp311-musllinux_1_2_aarch64.whl", hash = "sha256:ded7b068c7c31c1a8657d4fd42d886b3e051ae29f88b80c5ff9d502257b0f071", size = 1574097, upload-time = "2026-05-20T14:02:24.003Z" },
    { url = "https://files.pythonhosted.org/packages/21/1c/13abd1f4860d987fa5e1170a01930d6e6cd40d328de487a3c9fdaff0ffd0/greenlet-3.5.1-cp311-cp311-musllinux_1_2_x86_64.whl", hash = "sha256:d0932b81d72f552ded9d810d00021b64d89f2195a91ce115b893f943b7a4ab3c", size = 1641058, upload-time = "2026-05-20T13:14:31.83Z" },
    { url = "https://files.pythonhosted.org/packages/f5/56/5f332b7705545eac2dc01b4e9254d24a793f2656d55d5cc6b94ee59d22ae/greenlet-3.5.1-cp311-cp311-win_amd64.whl", hash = "sha256:88e300d136eac057b2397aa1cfd7328b4c87c7eb66a09c7bc6a1292234db474e", size = 238089, upload-time = "2026-05-20T13:14:03.229Z" },
    { url = "https://files.pythonhosted.org/packages/d9/a9/a3c2fa886c5b94863fb0e61b3bc14610b7aa94cf4f17f8741b11708305fc/greenlet-3.5.1-cp311-cp311-win_arm64.whl", hash = "sha256:cc6ab7e555c8a112ad3a76e368e86e12a2754bcae1652a5602e133ec7b635523", size = 234989, upload-time = "2026-05-20T13:08:27.715Z" },
]

[[package]]
name = "l3-data-feed"
version = "0.1.0"
source = { virtual = "." }
dependencies = [
    { name = "asyncpg" },
    { name = "loguru" },
    { name = "orjson" },
    { name = "picows" },
    { name = "pydantic" },
    { name = "pydantic-settings" },
    { name = "sqlalchemy" },
]

[package.metadata]
requires-dist = [
    { name = "asyncpg", specifier = ">=0.31.0" },
    { name = "loguru", specifier = ">=0.7.3" },
    { name = "orjson", specifier = ">=3.11.9" },
    { name = "picows", specifier = ">=2.1.1" },
    { name = "pydantic", specifier = ">=2.12.5" },
    { name = "pydantic-settings", specifier = ">=2.13.1" },
    { name = "sqlalchemy", specifier = ">=2.0.46" },
]

[[package]]
name = "loguru"
version = "0.7.3"
source = { registry = "https://pypi.org/simple" }
dependencies = [
    { name = "colorama", marker = "sys_platform == 'win32'" },
    { name = "win32-setctime", marker = "sys_platform == 'win32'" },
]
sdist = { url = "https://files.pythonhosted.org/packages/3a/05/a1dae3dffd1116099471c643b8924f5aa6524411dc6c63fdae648c4f1aca/loguru-0.7.3.tar.gz", hash = "sha256:19480589e77d47b8d85b2c827ad95d49bf31b0dcde16593892eb51dd18706eb6", size = 63559, upload-time = "2024-12-06T11:20:56.608Z" }
wheels = [
    { url = "https://files.pythonhosted.org/packages/0c/29/0348de65b8cc732daa3e33e67806420b2ae89bdce2b04af740289c5c6c8c/loguru-0.7.3-py3-none-any.whl", hash = "sha256:31a33c10c8e1e10422bfd431aeb5d351c7cf7fa671e3c4df004162264b28220c", size = 61595, upload-time = "2024-12-06T11:20:54.538Z" },
]

[[package]]
name = "multidict"
version = "6.7.1"
source = { registry = "https://pypi.org/simple" }
sdist = { url = "https://files.pythonhosted.org/packages/1a/c2/c2d94cbe6ac1753f3fc980da97b3d930efe1da3af3c9f5125354436c073d/multidict-6.7.1.tar.gz", hash = "sha256:ec6652a1bee61c53a3e5776b6049172c53b6aaba34f18c9ad04f82712bac623d", size = 102010, upload-time = "2026-01-26T02:46:45.979Z" }
wheels = [
    { url = "https://files.pythonhosted.org/packages/ce/f1/a90635c4f88fb913fbf4ce660b83b7445b7a02615bda034b2f8eb38fd597/multidict-6.7.1-cp311-cp311-macosx_10_9_universal2.whl", hash = "sha256:7ff981b266af91d7b4b3793ca3382e53229088d193a85dfad6f5f4c27fc73e5d", size = 76626, upload-time = "2026-01-26T02:43:26.485Z" },
    { url = "https://files.pythonhosted.org/packages/a6/9b/267e64eaf6fc637a15b35f5de31a566634a2740f97d8d094a69d34f524a4/multidict-6.7.1-cp311-cp311-macosx_10_9_x86_64.whl", hash = "sha256:844c5bca0b5444adb44a623fb0a1310c2f4cd41f402126bb269cd44c9b3f3e1e", size = 44706, upload-time = "2026-01-26T02:43:27.607Z" },
    { url = "https://files.pythonhosted.org/packages/dd/a4/d45caf2b97b035c57267791ecfaafbd59c68212004b3842830954bb4b02e/multidict-6.7.1-cp311-cp311-macosx_11_0_arm64.whl", hash = "sha256:f2a0a924d4c2e9afcd7ec64f9de35fcd96915149b2216e1cb2c10a56df483855", size = 44356, upload-time = "2026-01-26T02:43:28.661Z" },
    { url = "https://files.pythonhosted.org/packages/fd/d2/0a36c8473f0cbaeadd5db6c8b72d15bbceeec275807772bfcd059bef487d/multidict-6.7.1-cp311-cp311-manylinux1_i686.manylinux_2_28_i686.manylinux_2_5_i686.whl", hash = "sha256:8be1802715a8e892c784c0197c2ace276ea52702a0ede98b6310c8f255a5afb3", size = 244355, upload-time = "2026-01-26T02:43:31.165Z" },
    { url = "https://files.pythonhosted.org/packages/5d/16/8c65be997fd7dd311b7d39c7b6e71a0cb449bad093761481eccbbe4b42a2/multidict-6.7.1-cp311-cp311-manylinux2014_aarch64.manylinux_2_17_aarch64.manylinux_2_28_aarch64.whl", hash = "sha256:2e2d2ed645ea29f31c4c7ea1552fcfd7cb7ba656e1eafd4134a6620c9f5fdd9e", size = 246433, upload-time = "2026-01-26T02:43:32.581Z" },
    { url = "https://files.pythonhosted.org/packages/01/fb/4dbd7e848d2799c6a026ec88ad39cf2b8416aa167fcc903baa55ecaa045c/multidict-6.7.1-cp311-cp311-manylinux2014_armv7l.manylinux_2_17_armv7l.manylinux_2_31_armv7l.whl", hash = "sha256:95922cee9a778659e91db6497596435777bd25ed116701a4c034f8e46544955a", size = 225376, upload-time = "2026-01-26T02:43:34.417Z" },
    { url = "https://files.pythonhosted.org/packages/b6/8a/4a3a6341eac3830f6053062f8fbc9a9e54407c80755b3f05bc427295c2d0/multidict-6.7.1-cp311-cp311-manylinux2014_ppc64le.manylinux_2_17_ppc64le.manylinux_2_28_ppc64le.whl", hash = "sha256:6b83cabdc375ffaaa15edd97eb7c0c672ad788e2687004990074d7d6c9b140c8", size = 257365, upload-time = "2026-01-26T02:43:35.741Z" },
    { url = "https://files.pythonhosted.org/packages/f7/a2/dd575a69c1aa206e12d27d0770cdf9b92434b48a9ef0cd0d1afdecaa93c4/multidict-6.7.1-cp311-cp311-manylinux2014_s390x.manylinux_2_17_s390x.manylinux_2_28_s390x.whl", hash = "sha256:38fb49540705369bab8484db0689d86c0a33a0a9f2c1b197f506b71b4b6c19b0", size = 254747, upload-time = "2026-01-26T02:43:36.976Z" },
    { url = "https://files.pythonhosted.org/packages/5a/56/21b27c560c13822ed93133f08aa6372c53a8e067f11fbed37b4adcdac922/multidict-6.7.1-cp311-cp311-manylinux2014_x86_64.manylinux_2_17_x86_64.manylinux_2_28_x86_64.whl", hash = "sha256:439cbebd499f92e9aa6793016a8acaa161dfa749ae86d20960189f5398a19144", size = 246293, upload-time = "2026-01-26T02:43:38.258Z" },
    { url = "https://files.pythonhosted.org/packages/5a/a4/23466059dc3854763423d0ad6c0f3683a379d97673b1b89ec33826e46728/multidict-6.7.1-cp311-cp311-musllinux_1_2_aarch64.whl", hash = "sha256:6d3bc717b6fe763b8be3f2bee2701d3c8eb1b2a8ae9f60910f1b2860c82b6c49", size = 242962, upload-time = "2026-01-26T02:43:40.034Z" },
    { url = "https://files.pythonhosted.org/packages/1f/67/51dd754a3524d685958001e8fa20a0f5f90a6a856e0a9dcabff69be3dbb7/multidict-6.7.1-cp311-cp311-musllinux_1_2_armv7l.whl", hash = "sha256:619e5a1ac57986dbfec9f0b301d865dddf763696435e2962f6d9cf2fdff2bb71", size = 237360, upload-time = "2026-01-26T02:43:41.752Z" },
    { url = "https://files.pythonhosted.org/packages/64/3f/036dfc8c174934d4b55d86ff4f978e558b0e585cef70cfc1ad01adc6bf18/multidict-6.7.1-cp311-cp311-musllinux_1_2_i686.whl", hash = "sha256:0b38ebffd9be37c1170d33bc0f36f4f262e0a09bc1aac1c34c7aa51a7293f0b3", size = 245940, upload-time = "2026-01-26T02:43:43.042Z" },
    { url = "https://files.pythonhosted.org/packages/3d/20/6214d3c105928ebc353a1c644a6ef1408bc5794fcb4f170bb524a3c16311/multidict-6.7.1-cp311-cp311-musllinux_1_2_ppc64le.whl", hash = "sha256:10ae39c9cfe6adedcdb764f5e8411d4a92b055e35573a2eaa88d3323289ef93c", size = 253502, upload-time = "2026-01-26T02:43:44.371Z" },
    { url = "https://files.pythonhosted.org/packages/b1/e2/c653bc4ae1be70a0f836b82172d643fcf1dade042ba2676ab08ec08bff0f/multidict-6.7.1-cp311-cp311-musllinux_1_2_s390x.whl", hash = "sha256:25167cc263257660290fba06b9318d2026e3c910be240a146e1f66dd114af2b0", size = 247065, upload-time = "2026-01-26T02:43:45.745Z" },
    { url = "https://files.pythonhosted.org/packages/c8/11/a854b4154cd3bd8b1fd375e8a8ca9d73be37610c361543d56f764109509b/multidict-6.7.1-cp311-cp311-musllinux_1_2_x86_64.whl", hash = "sha256:128441d052254f42989ef98b7b6a6ecb1e6f708aa962c7984235316db59f50fa", size = 241870, upload-time = "2026-01-26T02:43:47.054Z" },
    { url = "https://files.pythonhosted.org/packages/13/bf/9676c0392309b5fdae322333d22a829715b570edb9baa8016a517b55b558/multidict-6.7.1-cp311-cp311-win32.whl", hash = "sha256:d62b7f64ffde3b99d06b707a280db04fb3855b55f5a06df387236051d0668f4a", size = 41302, upload-time = "2026-01-26T02:43:48.753Z" },
    { url = "https://files.pythonhosted.org/packages/c9/68/f16a3a8ba6f7b6dc92a1f19669c0810bd2c43fc5a02da13b1cbf8e253845/multidict-6.7.1-cp311-cp311-win_amd64.whl", hash = "sha256:bdbf9f3b332abd0cdb306e7c2113818ab1e922dc84b8f8fd06ec89ed2a19ab8b", size = 45981, upload-time = "2026-01-26T02:43:49.921Z" },
    { url = "https://files.pythonhosted.org/packages/ac/ad/9dd5305253fa00cd3c7555dbef69d5bf4133debc53b87ab8d6a44d411665/multidict-6.7.1-cp311-cp311-win_arm64.whl", hash = "sha256:b8c990b037d2fff2f4e33d3f21b9b531c5745b33a49a7d6dbe7a177266af44f6", size = 43159, upload-time = "2026-01-26T02:43:51.635Z" },
    { url = "https://files.pythonhosted.org/packages/81/08/7036c080d7117f28a4af526d794aab6a84463126db031b007717c1a6676e/multidict-6.7.1-py3-none-any.whl", hash = "sha256:55d97cc6dae627efa6a6e548885712d4864b81110ac76fa4e534c03819fa4a56", size = 12319, upload-time = "2026-01-26T02:46:44.004Z" },
]

[[package]]
name = "orjson"
version = "3.11.9"
source = { registry = "https://pypi.org/simple" }
sdist = { url = "https://files.pythonhosted.org/packages/7e/0c/964746fcafbd16f8ff53219ad9f6b412b34f345c75f384ad434ceaadb538/orjson-3.11.9.tar.gz", hash = "sha256:4fef17e1f8722c11587a6ef18e35902450221da0028e65dbaaa543619e68e48f", size = 5599163, upload-time = "2026-05-06T15:11:08.309Z" }
wheels = [
    { url = "https://files.pythonhosted.org/packages/1e/51/3fb9e65ae76ee97bd611869a503fa3fc0a6e81dd8b737cf3003f682df7ff/orjson-3.11.9-cp311-cp311-macosx_10_15_x86_64.macosx_11_0_arm64.macosx_10_15_universal2.whl", hash = "sha256:f01c4818b3fc9b0da8e096722a84318071eaa118df35f6ed2344da0e73a5444f", size = 228522, upload-time = "2026-05-06T15:09:35.362Z" },
    { url = "https://files.pythonhosted.org/packages/16/fa/9d54b07cb3f3b0bfd57841478e42d7a0ece4a9f49f9907eecf5a45461687/orjson-3.11.9-cp311-cp311-macosx_15_0_arm64.whl", hash = "sha256:3ebca4179031ee716ed076ffadc29428e900512f6fccee8614c9983157fcf19c", size = 128463, upload-time = "2026-05-06T15:09:37.063Z" },
    { url = "https://files.pythonhosted.org/packages/88/b1/6ceafc2eefd0a553e3be77ce6c49d107e772485d9568629376171c50e634/orjson-3.11.9-cp311-cp311-manylinux_2_17_aarch64.manylinux2014_aarch64.whl", hash = "sha256:48ee05097750de0ff69ed5b7bbcf0732182fd57a24043dcc2a1da780a5ead3a5", size = 132306, upload-time = "2026-05-06T15:09:38.299Z" },
    { url = "https://files.pythonhosted.org/packages/ea/76/f11311285324a40aab1e3031385c50b635a7cd0734fdaf60c7e89a696f60/orjson-3.11.9-cp311-cp311-manylinux_2_17_armv7l.manylinux2014_armv7l.whl", hash = "sha256:a6082706765a95a6680d812e1daf1c0cfe8adec7831b3ff3b625693f3b461b1c", size = 127988, upload-time = "2026-05-06T15:09:39.597Z" },
    { url = "https://files.pythonhosted.org/packages/9e/85/0ef63bcf1337f44031ce9b91b1919563f62a37527b3ea4368bb15a22e5d7/orjson-3.11.9-cp311-cp311-manylinux_2_17_i686.manylinux2014_i686.whl", hash = "sha256:277fefe9d76ee17eb14debf399e3533d4d63b5f677a4d3719eb763536af1f4bd", size = 135188, upload-time = "2026-05-06T15:09:40.957Z" },
    { url = "https://files.pythonhosted.org/packages/05/94/b0d27090ea8a2095db3c2bd1b1c96f96f19bbb494d7fef33130e846e613d/orjson-3.11.9-cp311-cp311-manylinux_2_17_ppc64le.manylinux2014_ppc64le.whl", hash = "sha256:03db380e3780fa0015ed776a90f20e8e20bb11dde13b216ce19e5718e3dfba62", size = 145937, upload-time = "2026-05-06T15:09:42.249Z" },
    { url = "https://files.pythonhosted.org/packages/09/eb/75d50c29c05b8054013e221e598820a365c8e64065312e75e202ed880709/orjson-3.11.9-cp311-cp311-manylinux_2_17_s390x.manylinux2014_s390x.whl", hash = "sha256:33d7d766701847dc6729846362dc27895d2f2d2251264f9d10e7cb9878194877", size = 132758, upload-time = "2026-05-06T15:09:43.945Z" },
    { url = "https://files.pythonhosted.org/packages/49/bd/360686f39348aa88827cb6fbf7dc606fd41c831a35235e1abf1db8e3a9e6/orjson-3.11.9-cp311-cp311-manylinux_2_17_x86_64.manylinux2014_x86_64.whl", hash = "sha256:147302878da387104b66bb4a8b0227d1d487e976ce41a8501916161072ed87b1", size = 133971, upload-time = "2026-05-06T15:09:45.239Z" },
    { url = "https://files.pythonhosted.org/packages/0e/30/3178eb16f3221aeef068b6f1f1ebe05f656ea5c6dffe9f6c917329fe17a3/orjson-3.11.9-cp311-cp311-musllinux_1_2_aarch64.whl", hash = "sha256:3513550321f8c8c811a7c3297b8a630e82dc08e4c10216d07703c997776236cd", size = 141685, upload-time = "2026-05-06T15:09:46.858Z" },
    { url = "https://files.pythonhosted.org/packages/5f/f1/ff2f19ed0225f9680fafa42febca3570dd59444ebf190980738d376214c2/orjson-3.11.9-cp311-cp311-musllinux_1_2_armv7l.whl", hash = "sha256:c5d001196b89fa9cf0a4ab79766cd835b991a166e4b621ba95089edc50c429ff", size = 415167, upload-time = "2026-05-06T15:09:48.312Z" },
    { url = "https://files.pythonhosted.org/packages/9b/61/863bddf0da6e9e586765414debd54b4e58db05f560902b6d00658cb88636/orjson-3.11.9-cp311-cp311-musllinux_1_2_i686.whl", hash = "sha256:16969c9d369c98eb084889c6e4d2d39b77c7eb38ceccf8da2a9fff62ae908980", size = 147913, upload-time = "2026-05-06T15:09:49.733Z" },
    { url = "https://files.pythonhosted.org/packages/b6/8a/4081492586d75b073d60c5271a8d0f05a0955cabf1e34c8473f6fcd84235/orjson-3.11.9-cp311-cp311-musllinux_1_2_x86_64.whl", hash = "sha256:63e0efbc991250c0b3143488fa57d95affcabbfc63c99c48d625dd37779aafe2", size = 136959, upload-time = "2026-05-06T15:09:51.311Z" },
    { url = "https://files.pythonhosted.org/packages/0d/bd/70b6ab193594d7abb875320c0a7c8335e846f28968c432c31042409c3c8d/orjson-3.11.9-cp311-cp311-win32.whl", hash = "sha256:14ed654580c1ed2bc217352ec82f91b047aef82951aa71c7f64e0dcb03c0e180", size = 131533, upload-time = "2026-05-06T15:09:52.637Z" },
    { url = "https://files.pythonhosted.org/packages/3f/17/1a1a228183d62d1b77e2c30d210f47dd4768b310ebe1607c63e3c0e3a71e/orjson-3.11.9-cp311-cp311-win_amd64.whl", hash = "sha256:57ea77fb70a448ce87d18fca050193202a3da5e54598f6501ca5476fb66cfe02", size = 127106, upload-time = "2026-05-06T15:09:54.204Z" },
    { url = "https://files.pythonhosted.org/packages/b8/95/285de5fa296d09681ee9c546cd4a8aeb773b701cf343dc125994f4d52953/orjson-3.11.9-cp311-cp311-win_arm64.whl", hash = "sha256:19b72ed11572a2ee51a67a903afbe5af504f84ed6f529c0fe44b0ab3fb5cc697", size = 126848, upload-time = "2026-05-06T15:09:55.551Z" },
]

[[package]]
name = "picows"
version = "2.1.1"
source = { registry = "https://pypi.org/simple" }
dependencies = [
    { name = "aiofastnet" },
    { name = "multidict" },
    { name = "python-socks" },
]
sdist = { url = "https://files.pythonhosted.org/packages/ce/97/2b370633acf67f72bb1934367df500bc2005d8e0b75a9206dfc79d91d2aa/picows-2.1.1.tar.gz", hash = "sha256:16ce4fc1a639d03e858b717b12137321ee856e0b6aa8017bb9966c137faab32a", size = 93361, upload-time = "2026-06-05T12:15:14.882Z" }
wheels = [
    { url = "https://files.pythonhosted.org/packages/bf/89/3842eadf8a29aa27d57e77a34abc68d8040e3eb7766044c8ac81bc030095/picows-2.1.1-cp311-cp311-macosx_10_9_x86_64.whl", hash = "sha256:b23955ce1401c16234d741ce70479aff8650c59566aa7cef408d498271b8ba78", size = 369216, upload-time = "2026-06-05T12:13:57.671Z" },
    { url = "https://files.pythonhosted.org/packages/cb/c1/374af7690ee872d3aa6b51cb21c8b4794d84ac6019e8d06ad5a97604ddf4/picows-2.1.1-cp311-cp311-macosx_11_0_arm64.whl", hash = "sha256:5cb8cf069dd2110c3f8a013f7796a27ee1f0807c9695e5c668fffc6d9fbcae7f", size = 347824, upload-time = "2026-06-05T12:13:59.053Z" },
    { url = "https://files.pythonhosted.org/packages/4d/aa/06e0b54844431248ad5f90182d08b0c5522be3d16bc66db094da4a8c4bab/picows-2.1.1-cp311-cp311-manylinux2014_aarch64.manylinux_2_17_aarch64.manylinux_2_28_aarch64.whl", hash = "sha256:bea3749db9e66ddf04a756c28c4aa0c852af26a7e7e12e1d97369a1415da3592", size = 393757, upload-time = "2026-06-05T12:14:00.455Z" },
    { url = "https://files.pythonhosted.org/packages/be/23/18e76e287164336db7be70c0da0e21de545ce95fa5dc14a12e93a26599f8/picows-2.1.1-cp311-cp311-manylinux2014_x86_64.manylinux_2_17_x86_64.manylinux_2_28_x86_64.whl", hash = "sha256:19c06c84a74af01d6df82994a4f711e9f1aa0c9128bddc58edb1552ecb790c5d", size = 424322, upload-time = "2026-06-05T12:14:02.002Z" },
    { url = "https://files.pythonhosted.org/packages/71/26/ffb2a9b8fcf87d625031aca148a02cf8f1e97bf17962a95e9e32c6e9351d/picows-2.1.1-cp311-cp311-musllinux_1_2_aarch64.whl", hash = "sha256:38d20fa3d8c66e15152acc296c700c4895fd52520945e7eae0b277abd77c2585", size = 399526, upload-time = "2026-06-05T12:14:03.461Z" },
    { url = "https://files.pythonhosted.org/packages/52/d5/9cbd4899f15fd2b1d846dcef03b21c40456be8668e5cc4c5af71fc2c69d0/picows-2.1.1-cp311-cp311-musllinux_1_2_x86_64.whl", hash = "sha256:cf4d5b0c61c7c25d806d919429a38e06c98ed2f9cd1e23c1a0e7510d15eb80b3", size = 428624, upload-time = "2026-06-05T12:14:04.985Z" },
    { url = "https://files.pythonhosted.org/packages/6f/92/5e45056ef75e9ea702ef98f9b015b84a1cd7b94ae31dd0df02a8625dd8ad/picows-2.1.1-cp311-cp311-win32.whl", hash = "sha256:36df06f2573f713ef477d532fdc7e277c31d49263609767e490e52fb53b3f350", size = 293178, upload-time = "2026-06-05T12:14:06.271Z" },
    { url = "https://files.pythonhosted.org/packages/55/d1/706d8a1ae56630c6ff5252c5c3c5617c571fc73fb4438181c3e5111b46a1/picows-2.1.1-cp311-cp311-win_amd64.whl", hash = "sha256:cca9cd6035d8da8d4fa816d76fb8f759dfc426fe7129a52776e9a1ad648ab45e", size = 339260, upload-time = "2026-06-05T12:14:07.838Z" },
    { url = "https://files.pythonhosted.org/packages/c7/a4/2e26d345ebd917fd855dd84635b3fdc0e714fa2670c120e556e1ca78878d/picows-2.1.1-cp311-cp311-win_arm64.whl", hash = "sha256:8751bbe22c260416f7088a1a3662e264eb41d5e476cada3b8a7c2c1f2d3d0187", size = 289143, upload-time = "2026-06-05T12:14:09.115Z" },
]

[[package]]
name = "pydantic"
version = "2.12.5"
source = { registry = "https://pypi.org/simple" }
dependencies = [
    { name = "annotated-types" },
    { name = "pydantic-core" },
    { name = "typing-extensions" },
    { name = "typing-inspection" },
]
sdist = { url = "https://files.pythonhosted.org/packages/69/44/36f1a6e523abc58ae5f928898e4aca2e0ea509b5aa6f6f392a5d882be928/pydantic-2.12.5.tar.gz", hash = "sha256:4d351024c75c0f085a9febbb665ce8c0c6ec5d30e903bdb6394b7ede26aebb49", size = 821591, upload-time = "2025-11-26T15:11:46.471Z" }
wheels = [
    { url = "https://files.pythonhosted.org/packages/5a/87/b70ad306ebb6f9b585f114d0ac2137d792b48be34d732d60e597c2f8465a/pydantic-2.12.5-py3-none-any.whl", hash = "sha256:e561593fccf61e8a20fc46dfc2dfe075b8be7d0188df33f221ad1f0139180f9d", size = 463580, upload-time = "2025-11-26T15:11:44.605Z" },
]

[[package]]
name = "pydantic-core"
version = "2.41.5"
source = { registry = "https://pypi.org/simple" }
dependencies = [
    { name = "typing-extensions" },
]
sdist = { url = "https://files.pythonhosted.org/packages/71/70/23b021c950c2addd24ec408e9ab05d59b035b39d97cdc1130e1bce647bb6/pydantic_core-2.41.5.tar.gz", hash = "sha256:08daa51ea16ad373ffd5e7606252cc32f07bc72b28284b6bc9c6df804816476e", size = 460952, upload-time = "2025-11-04T13:43:49.098Z" }
wheels = [
    { url = "https://files.pythonhosted.org/packages/e8/72/74a989dd9f2084b3d9530b0915fdda64ac48831c30dbf7c72a41a5232db8/pydantic_core-2.41.5-cp311-cp311-macosx_10_12_x86_64.whl", hash = "sha256:a3a52f6156e73e7ccb0f8cced536adccb7042be67cb45f9562e12b319c119da6", size = 2105873, upload-time = "2025-11-04T13:39:31.373Z" },
    { url = "https://files.pythonhosted.org/packages/12/44/37e403fd9455708b3b942949e1d7febc02167662bf1a7da5b78ee1ea2842/pydantic_core-2.41.5-cp311-cp311-macosx_11_0_arm64.whl", hash = "sha256:7f3bf998340c6d4b0c9a2f02d6a400e51f123b59565d74dc60d252ce888c260b", size = 1899826, upload-time = "2025-11-04T13:39:32.897Z" },
    { url = "https://files.pythonhosted.org/packages/33/7f/1d5cab3ccf44c1935a359d51a8a2a9e1a654b744b5e7f80d41b88d501eec/pydantic_core-2.41.5-cp311-cp311-manylinux_2_17_aarch64.manylinux2014_aarch64.whl", hash = "sha256:378bec5c66998815d224c9ca994f1e14c0c21cb95d2f52b6021cc0b2a58f2a5a", size = 1917869, upload-time = "2025-11-04T13:39:34.469Z" },
    { url = "https://files.pythonhosted.org/packages/6e/6a/30d94a9674a7fe4f4744052ed6c5e083424510be1e93da5bc47569d11810/pydantic_core-2.41.5-cp311-cp311-manylinux_2_17_armv7l.manylinux2014_armv7l.whl", hash = "sha256:e7b576130c69225432866fe2f4a469a85a54ade141d96fd396dffcf607b558f8", size = 2063890, upload-time = "2025-11-04T13:39:36.053Z" },
    { url = "https://files.pythonhosted.org/packages/50/be/76e5d46203fcb2750e542f32e6c371ffa9b8ad17364cf94bb0818dbfb50c/pydantic_core-2.41.5-cp311-cp311-manylinux_2_17_ppc64le.manylinux2014_ppc64le.whl", hash = "sha256:6cb58b9c66f7e4179a2d5e0f849c48eff5c1fca560994d6eb6543abf955a149e", size = 2229740, upload-time = "2025-11-04T13:39:37.753Z" },
    { url = "https://files.pythonhosted.org/packages/d3/ee/fed784df0144793489f87db310a6bbf8118d7b630ed07aa180d6067e653a/pydantic_core-2.41.5-cp311-cp311-manylinux_2_17_s390x.manylinux2014_s390x.whl", hash = "sha256:88942d3a3dff3afc8288c21e565e476fc278902ae4d6d134f1eeda118cc830b1", size = 2350021, upload-time = "2025-11-04T13:39:40.94Z" },
    { url = "https://files.pythonhosted.org/packages/c8/be/8fed28dd0a180dca19e72c233cbf58efa36df055e5b9d90d64fd1740b828/pydantic_core-2.41.5-cp311-cp311-manylinux_2_17_x86_64.manylinux2014_x86_64.whl", hash = "sha256:f31d95a179f8d64d90f6831d71fa93290893a33148d890ba15de25642c5d075b", size = 2066378, upload-time = "2025-11-04T13:39:42.523Z" },
    { url = "https://files.pythonhosted.org/packages/b0/3b/698cf8ae1d536a010e05121b4958b1257f0b5522085e335360e53a6b1c8b/pydantic_core-2.41.5-cp311-cp311-manylinux_2_5_i686.manylinux1_i686.whl", hash = "sha256:c1df3d34aced70add6f867a8cf413e299177e0c22660cc767218373d0779487b", size = 2175761, upload-time = "2025-11-04T13:39:44.553Z" },
    { url = "https://files.pythonhosted.org/packages/b8/ba/15d537423939553116dea94ce02f9c31be0fa9d0b806d427e0308ec17145/pydantic_core-2.41.5-cp311-cp311-musllinux_1_1_aarch64.whl", hash = "sha256:4009935984bd36bd2c774e13f9a09563ce8de4abaa7226f5108262fa3e637284", size = 2146303, upload-time = "2025-11-04T13:39:46.238Z" },
    { url = "https://files.pythonhosted.org/packages/58/7f/0de669bf37d206723795f9c90c82966726a2ab06c336deba4735b55af431/pydantic_core-2.41.5-cp311-cp311-musllinux_1_1_armv7l.whl", hash = "sha256:34a64bc3441dc1213096a20fe27e8e128bd3ff89921706e83c0b1ac971276594", size = 2340355, upload-time = "2025-11-04T13:39:48.002Z" },
    { url = "https://files.pythonhosted.org/packages/e5/de/e7482c435b83d7e3c3ee5ee4451f6e8973cff0eb6007d2872ce6383f6398/pydantic_core-2.41.5-cp311-cp311-musllinux_1_1_x86_64.whl", hash = "sha256:c9e19dd6e28fdcaa5a1de679aec4141f691023916427ef9bae8584f9c2fb3b0e", size = 2319875, upload-time = "2025-11-04T13:39:49.705Z" },
    { url = "https://files.pythonhosted.org/packages/fe/e6/8c9e81bb6dd7560e33b9053351c29f30c8194b72f2d6932888581f503482/pydantic_core-2.41.5-cp311-cp311-win32.whl", hash = "sha256:2c010c6ded393148374c0f6f0bf89d206bf3217f201faa0635dcd56bd1520f6b", size = 1987549, upload-time = "2025-11-04T13:39:51.842Z" },
    { url = "https://files.pythonhosted.org/packages/11/66/f14d1d978ea94d1bc21fc98fcf570f9542fe55bfcc40269d4e1a21c19bf7/pydantic_core-2.41.5-cp311-cp311-win_amd64.whl", hash = "sha256:76ee27c6e9c7f16f47db7a94157112a2f3a00e958bc626e2f4ee8bec5c328fbe", size = 2011305, upload-time = "2025-11-04T13:39:53.485Z" },
    { url = "https://files.pythonhosted.org/packages/56/d8/0e271434e8efd03186c5386671328154ee349ff0354d83c74f5caaf096ed/pydantic_core-2.41.5-cp311-cp311-win_arm64.whl", hash = "sha256:4bc36bbc0b7584de96561184ad7f012478987882ebf9f9c389b23f432ea3d90f", size = 1972902, upload-time = "2025-11-04T13:39:56.488Z" },
    { url = "https://files.pythonhosted.org/packages/11/72/90fda5ee3b97e51c494938a4a44c3a35a9c96c19bba12372fb9c634d6f57/pydantic_core-2.41.5-graalpy311-graalpy242_311_native-macosx_10_12_x86_64.whl", hash = "sha256:b96d5f26b05d03cc60f11a7761a5ded1741da411e7fe0909e27a5e6a0cb7b034", size = 2115441, upload-time = "2025-11-04T13:42:39.557Z" },
    { url = "https://files.pythonhosted.org/packages/1f/53/8942f884fa33f50794f119012dc6a1a02ac43a56407adaac20463df8e98f/pydantic_core-2.41.5-graalpy311-graalpy242_311_native-macosx_11_0_arm64.whl", hash = "sha256:634e8609e89ceecea15e2d61bc9ac3718caaaa71963717bf3c8f38bfde64242c", size = 1930291, upload-time = "2025-11-04T13:42:42.169Z" },
    { url = "https://files.pythonhosted.org/packages/79/c8/ecb9ed9cd942bce09fc888ee960b52654fbdbede4ba6c2d6e0d3b1d8b49c/pydantic_core-2.41.5-graalpy311-graalpy242_311_native-manylinux_2_17_aarch64.manylinux2014_aarch64.whl", hash = "sha256:93e8740d7503eb008aa2df04d3b9735f845d43ae845e6dcd2be0b55a2da43cd2", size = 1948632, upload-time = "2025-11-04T13:42:44.564Z" },
    { url = "https://files.pythonhosted.org/packages/2e/1b/687711069de7efa6af934e74f601e2a4307365e8fdc404703afc453eab26/pydantic_core-2.41.5-graalpy311-graalpy242_311_native-manylinux_2_17_x86_64.manylinux2014_x86_64.whl", hash = "sha256:f15489ba13d61f670dcc96772e733aad1a6f9c429cc27574c6cdaed82d0146ad", size = 2138905, upload-time = "2025-11-04T13:42:47.156Z" },
    { url = "https://files.pythonhosted.org/packages/5f/9b/1b3f0e9f9305839d7e84912f9e8bfbd191ed1b1ef48083609f0dabde978c/pydantic_core-2.41.5-pp311-pypy311_pp73-macosx_10_12_x86_64.whl", hash = "sha256:b2379fa7ed44ddecb5bfe4e48577d752db9fc10be00a6b7446e9663ba143de26", size = 2101980, upload-time = "2025-11-04T13:43:25.97Z" },
    { url = "https://files.pythonhosted.org/packages/a4/ed/d71fefcb4263df0da6a85b5d8a7508360f2f2e9b3bf5814be9c8bccdccc1/pydantic_core-2.41.5-pp311-pypy311_pp73-macosx_11_0_arm64.whl", hash = "sha256:266fb4cbf5e3cbd0b53669a6d1b039c45e3ce651fd5442eff4d07c2cc8d66808", size = 1923865, upload-time = "2025-11-04T13:43:28.763Z" },
    { url = "https://files.pythonhosted.org/packages/ce/3a/626b38db460d675f873e4444b4bb030453bbe7b4ba55df821d026a0493c4/pydantic_core-2.41.5-pp311-pypy311_pp73-manylinux_2_17_x86_64.manylinux2014_x86_64.whl", hash = "sha256:58133647260ea01e4d0500089a8c4f07bd7aa6ce109682b1426394988d8aaacc", size = 2134256, upload-time = "2025-11-04T13:43:31.71Z" },
    { url = "https://files.pythonhosted.org/packages/83/d9/8412d7f06f616bbc053d30cb4e5f76786af3221462ad5eee1f202021eb4e/pydantic_core-2.41.5-pp311-pypy311_pp73-manylinux_2_5_i686.manylinux1_i686.whl", hash = "sha256:287dad91cfb551c363dc62899a80e9e14da1f0e2b6ebde82c806612ca2a13ef1", size = 2174762, upload-time = "2025-11-04T13:43:34.744Z" },
    { url = "https://files.pythonhosted.org/packages/55/4c/162d906b8e3ba3a99354e20faa1b49a85206c47de97a639510a0e673f5da/pydantic_core-2.41.5-pp311-pypy311_pp73-musllinux_1_1_aarch64.whl", hash = "sha256:03b77d184b9eb40240ae9fd676ca364ce1085f203e1b1256f8ab9984dca80a84", size = 2143141, upload-time = "2025-11-04T13:43:37.701Z" },
    { url = "https://files.pythonhosted.org/packages/1f/f2/f11dd73284122713f5f89fc940f370d035fa8e1e078d446b3313955157fe/pydantic_core-2.41.5-pp311-pypy311_pp73-musllinux_1_1_armv7l.whl", hash = "sha256:a668ce24de96165bb239160b3d854943128f4334822900534f2fe947930e5770", size = 2330317, upload-time = "2025-11-04T13:43:40.406Z" },
    { url = "https://files.pythonhosted.org/packages/88/9d/b06ca6acfe4abb296110fb1273a4d848a0bfb2ff65f3ee92127b3244e16b/pydantic_core-2.41.5-pp311-pypy311_pp73-musllinux_1_1_x86_64.whl", hash = "sha256:f14f8f046c14563f8eb3f45f499cc658ab8d10072961e07225e507adb700e93f", size = 2316992, upload-time = "2025-11-04T13:43:43.602Z" },
    { url = "https://files.pythonhosted.org/packages/36/c7/cfc8e811f061c841d7990b0201912c3556bfeb99cdcb7ed24adc8d6f8704/pydantic_core-2.41.5-pp311-pypy311_pp73-win_amd64.whl", hash = "sha256:56121965f7a4dc965bff783d70b907ddf3d57f6eba29b6d2e5dabfaf07799c51", size = 2145302, upload-time = "2025-11-04T13:43:46.64Z" },
]

[[package]]
name = "pydantic-settings"
version = "2.13.1"
source = { registry = "https://pypi.org/simple" }
dependencies = [
    { name = "pydantic" },
    { name = "python-dotenv" },
    { name = "typing-inspection" },
]
sdist = { url = "https://files.pythonhosted.org/packages/52/6d/fffca34caecc4a3f97bda81b2098da5e8ab7efc9a66e819074a11955d87e/pydantic_settings-2.13.1.tar.gz", hash = "sha256:b4c11847b15237fb0171e1462bf540e294affb9b86db4d9aa5c01730bdbe4025", size = 223826, upload-time = "2026-02-19T13:45:08.055Z" }
wheels = [
    { url = "https://files.pythonhosted.org/packages/00/4b/ccc026168948fec4f7555b9164c724cf4125eac006e176541483d2c959be/pydantic_settings-2.13.1-py3-none-any.whl", hash = "sha256:d56fd801823dbeae7f0975e1f8c8e25c258eb75d278ea7abb5d9cebb01b56237", size = 58929, upload-time = "2026-02-19T13:45:06.034Z" },
]

[[package]]
name = "python-dotenv"
version = "1.2.2"
source = { registry = "https://pypi.org/simple" }
sdist = { url = "https://files.pythonhosted.org/packages/82/ed/0301aeeac3e5353ef3d94b6ec08bbcabd04a72018415dcb29e588514bba8/python_dotenv-1.2.2.tar.gz", hash = "sha256:2c371a91fbd7ba082c2c1dc1f8bf89ca22564a087c2c287cd9b662adde799cf3", size = 50135, upload-time = "2026-03-01T16:00:26.196Z" }
wheels = [
    { url = "https://files.pythonhosted.org/packages/0b/d7/1959b9648791274998a9c3526f6d0ec8fd2233e4d4acce81bbae76b44b2a/python_dotenv-1.2.2-py3-none-any.whl", hash = "sha256:1d8214789a24de455a8b8bd8ae6fe3c6b69a5e3d64aa8a8e5d68e694bbcb285a", size = 22101, upload-time = "2026-03-01T16:00:25.09Z" },
]

[[package]]
name = "python-socks"
version = "2.8.1"
source = { registry = "https://pypi.org/simple" }
sdist = { url = "https://files.pythonhosted.org/packages/36/0b/cd77011c1bc01b76404f7aba07fca18aca02a19c7626e329b40201217624/python_socks-2.8.1.tar.gz", hash = "sha256:698daa9616d46dddaffe65b87db222f2902177a2d2b2c0b9a9361df607ab3687", size = 38909, upload-time = "2026-02-16T05:24:00.745Z" }
wheels = [
    { url = "https://files.pythonhosted.org/packages/15/fe/9a58cb6eec633ff6afae150ca53c16f8cc8b65862ccb3d088051efdfceb7/python_socks-2.8.1-py3-none-any.whl", hash = "sha256:28232739c4988064e725cdbcd15be194743dd23f1c910f784163365b9d7be035", size = 55087, upload-time = "2026-02-16T05:23:59.147Z" },
]

[[package]]
name = "sqlalchemy"
version = "2.0.46"
source = { registry = "https://pypi.org/simple" }
dependencies = [
    { name = "greenlet", marker = "platform_machine == 'AMD64' or platform_machine == 'WIN32' or platform_machine == 'aarch64' or platform_machine == 'amd64' or platform_machine == 'ppc64le' or platform_machine == 'win32' or platform_machine == 'x86_64'" },
    { name = "typing-extensions" },
]
sdist = { url = "https://files.pythonhosted.org/packages/06/aa/9ce0f3e7a9829ead5c8ce549392f33a12c4555a6c0609bb27d882e9c7ddf/sqlalchemy-2.0.46.tar.gz", hash = "sha256:cf36851ee7219c170bb0793dbc3da3e80c582e04a5437bc601bfe8c85c9216d7", size = 9865393, upload-time = "2026-01-21T18:03:45.119Z" }
wheels = [
    { url = "https://files.pythonhosted.org/packages/69/ac/b42ad16800d0885105b59380ad69aad0cce5a65276e269ce2729a2343b6a/sqlalchemy-2.0.46-cp311-cp311-macosx_11_0_arm64.whl", hash = "sha256:261c4b1f101b4a411154f1da2b76497d73abbfc42740029205d4d01fa1052684", size = 2154851, upload-time = "2026-01-21T18:27:30.54Z" },
    { url = "https://files.pythonhosted.org/packages/a0/60/d8710068cb79f64d002ebed62a7263c00c8fd95f4ebd4b5be8f7ca93f2bc/sqlalchemy-2.0.46-cp311-cp311-manylinux2014_aarch64.manylinux_2_17_aarch64.manylinux_2_28_aarch64.whl", hash = "sha256:181903fe8c1b9082995325f1b2e84ac078b1189e2819380c2303a5f90e114a62", size = 3311241, upload-time = "2026-01-21T18:32:33.45Z" },
    { url = "https://files.pythonhosted.org/packages/2b/0f/20c71487c7219ab3aa7421c7c62d93824c97c1460f2e8bb72404b0192d13/sqlalchemy-2.0.46-cp311-cp311-manylinux2014_x86_64.manylinux_2_17_x86_64.manylinux_2_28_x86_64.whl", hash = "sha256:590be24e20e2424a4c3c1b0835e9405fa3d0af5823a1a9fc02e5dff56471515f", size = 3310741, upload-time = "2026-01-21T18:44:57.887Z" },
    { url = "https://files.pythonhosted.org/packages/65/80/d26d00b3b249ae000eee4db206fcfc564bf6ca5030e4747adf451f4b5108/sqlalchemy-2.0.46-cp311-cp311-musllinux_1_2_aarch64.whl", hash = "sha256:7568fe771f974abadce52669ef3a03150ff03186d8eb82613bc8adc435a03f01", size = 3263116, upload-time = "2026-01-21T18:32:35.044Z" },
    { url = "https://files.pythonhosted.org/packages/da/ee/74dda7506640923821340541e8e45bd3edd8df78664f1f2e0aae8077192b/sqlalchemy-2.0.46-cp311-cp311-musllinux_1_2_x86_64.whl", hash = "sha256:ebf7e1e78af38047e08836d33502c7a278915698b7c2145d045f780201679999", size = 3285327, upload-time = "2026-01-21T18:44:59.254Z" },
    { url = "https://files.pythonhosted.org/packages/9f/25/6dcf8abafff1389a21c7185364de145107b7394ecdcb05233815b236330d/sqlalchemy-2.0.46-cp311-cp311-win32.whl", hash = "sha256:9d80ea2ac519c364a7286e8d765d6cd08648f5b21ca855a8017d9871f075542d", size = 2114564, upload-time = "2026-01-21T18:33:15.85Z" },
    { url = "https://files.pythonhosted.org/packages/93/5f/e081490f8523adc0088f777e4ebad3cac21e498ec8a3d4067074e21447a1/sqlalchemy-2.0.46-cp311-cp311-win_amd64.whl", hash = "sha256:585af6afe518732d9ccd3aea33af2edaae4a7aa881af5d8f6f4fe3a368699597", size = 2139233, upload-time = "2026-01-21T18:33:17.528Z" },
    { url = "https://files.pythonhosted.org/packages/fc/a1/9c4efa03300926601c19c18582531b45aededfb961ab3c3585f1e24f120b/sqlalchemy-2.0.46-py3-none-any.whl", hash = "sha256:f9c11766e7e7c0a2767dda5acb006a118640c9fc0a4104214b96269bfb78399e", size = 1937882, upload-time = "2026-01-21T18:22:10.456Z" },
]

[[package]]
name = "typing-extensions"
version = "4.15.0"
source = { registry = "https://pypi.org/simple" }
sdist = { url = "https://files.pythonhosted.org/packages/72/94/1a15dd82efb362ac84269196e94cf00f187f7ed21c242792a923cdb1c61f/typing_extensions-4.15.0.tar.gz", hash = "sha256:0cea48d173cc12fa28ecabc3b837ea3cf6f38c6d1136f85cbaaf598984861466", size = 109391, upload-time = "2025-08-25T13:49:26.313Z" }
wheels = [
    { url = "https://files.pythonhosted.org/packages/18/67/36e9267722cc04a6b9f15c7f3441c2363321a3ea07da7ae0c0707beb2a9c/typing_extensions-4.15.0-py3-none-any.whl", hash = "sha256:f0fa19c6845758ab08074a0cfa8b7aecb71c999ca73d62883bc25cc018c4e548", size = 44614, upload-time = "2025-08-25T13:49:24.86Z" },
]

[[package]]
name = "typing-inspection"
version = "0.4.2"
source = { registry = "https://pypi.org/simple" }
dependencies = [
    { name = "typing-extensions" },
]
sdist = { url = "https://files.pythonhosted.org/packages/55/e3/70399cb7dd41c10ac53367ae42139cf4b1ca5f36bb3dc6c9d33acdb43655/typing_inspection-0.4.2.tar.gz", hash = "sha256:ba561c48a67c5958007083d386c3295464928b01faa735ab8547c5692e87f464", size = 75949, upload-time = "2025-10-01T02:14:41.687Z" }
wheels = [
    { url = "https://files.pythonhosted.org/packages/dc/9b/47798a6c91d8bdb567fe2698fe81e0c6b7cb7ef4d13da4114b41d239f65d/typing_inspection-0.4.2-py3-none-any.whl", hash = "sha256:4ed1cacbdc298c220f1bd249ed5287caa16f34d44ef4e9c3d0cbad5b521545e7", size = 14611, upload-time = "2025-10-01T02:14:40.154Z" },
]

[[package]]
name = "win32-setctime"
version = "1.2.0"
source = { registry = "https://pypi.org/simple" }
sdist = { url = "https://files.pythonhosted.org/packages/b3/8f/705086c9d734d3b663af0e9bb3d4de6578d08f46b1b101c2442fd9aecaa2/win32_setctime-1.2.0.tar.gz", hash = "sha256:ae1fdf948f5640aae05c511ade119313fb6a30d7eabe25fef9764dca5873c4c0", size = 4867, upload-time = "2024-12-07T15:28:28.314Z" }
wheels = [
    { url = "https://files.pythonhosted.org/packages/e1/07/c6fe3ad3e685340704d314d765b7912993bcb8dc198f0e7a89382d37974b/win32_setctime-1.2.0-py3-none-any.whl", hash = "sha256:95d644c4e708aba81dc3704a116d8cbc974d70b3bdb8be1d150e36be6e9d1390", size = 4083, upload-time = "2024-12-07T15:28:26.465Z" },
]
