version = 1
revision = 3
requires-python = "==3.11.*"

[[package]]
name = "aiofastnet"
version = "0.9.0"
source = { registry = "https://pypi.org/simple" }
sdist = { url = "https://files.pythonhosted.org/packages/56/a6/8dc485471235c5cfedc67f905218e3463d91bad9e73628ea4c6c77683f0a/aiofastnet-0.9.0.tar.gz", hash = "sha256:62a538d3d27a4c3f6ac928381078a81af9f9293d46ca6d8744314c59cb5aca17", size = 261643, upload-time = "2026-06-05T11:17:07.602Z" }
wheels = [
    { url = "https://files.pythonhosted.org/packages/00/e4/ccf0913745fb5c690cf3730c2c30fe7ba244ca80a9cc4cae98d3c582f859/aiofastnet-0.9.0-cp311-cp311-macosx_10_9_x86_64.whl", hash = "sha256:86d32585fdf8d059552ea396e78f1ef43d358bff7766fe258e0c16f1aedce78a", size = 392081, upload-time = "2026-06-05T11:15:57.149Z" },
    { url = "https://files.pythonhosted.org/packages/78/0b/737b0eaa57f55f47779601cbbdab68a5ccbea3cd1069867e288f433584a8/aiofastnet-0.9.0-cp311-cp311-macosx_11_0_arm64.whl", hash = "sha256:e3157612ec32fda55fabc6e98f1033d6596c1785945c268597ab82008fd6afc1", size = 378517, upload-time = "2026-06-05T11:15:58.507Z" },
    { url = "https://files.pythonhosted.org/packages/89/55/e33e07410f867edcd5d4ab00c43e24164bcaf3d20bd339ae0edefb5636ac/aiofastnet-0.9.0-cp311-cp311-manylinux2014_aarch64.manylinux_2_17_aarch64.manylinux_2_28_aarch64.whl", hash = "sha256:0034a6d188f83021d89eff1be34ddd3ee70ddcafa9ebb2d4a348d01fa91c82a7", size = 429992, upload-time = "2026-06-05T11:15:59.86Z" },
    { url = "https://files.pythonhosted.org/packages/ed/c6/1b40ac6e209d1e232040dee25759226357a16a596af25f2c3dc9f37f4e72/aiofastnet-0.9.0-cp311-cp311-manylinux2014_x86_64.manylinux_2_17_x86_64.manylinux_2_28_x86_64.whl", hash = "sha256:1185aba706bc865df1c3b81d56f79378cbc215f1f7ab680ebda78926508d4abf", size = 448023, upload-time = "2026-06-05T11:16:01.167Z" },
    { url = "https://files.pythonhosted.org/packages/16/a0/4c5bb518c55eb2ec5b3cf5112109365832ab04b28a35a14ddda3f7c5d642/aiofastnet-0.9.0-cp311-cp311-musllinux_1_2_aarch64.whl", hash = "sha256:2e60279bcef23b6b0f3a9b1c1b21359abde9b035d02cbf0afe8b88faf483e839", size = 436400, upload-time = "2026-06-05T11:16:02.441Z" },
    { url = "https://files.pythonhosted.org/packages/cf/42/b0bde7e323d2fccf5056f312ed172dc63e64217c2dbc2a9a14a39d0c7cb4/aiofastnet-0.9.0-cp311-cp311-musllinux_1_2_x86_64.whl", hash = "sha256:28603a68cc7193569481a823255a4c545a4d76724b85fe33b622ba523c8b44ed", size = 452527, upload-time = "2026-06-05T11:16:03.991Z" },
    { url = "https://files.pythonhosted.org/packages/d9/21/9649306d5f61edc579f6b6f85a352fb254691ff809618651f7a4718649be/aiofastnet-0.9.0-cp311-cp311-win32.whl", hash = "sha256:02135e42ee5e64a4e062b9bb81f250552b539e174516477e240079b7f5ec25d6", size = 317217, upload-time = "2026-06-05T11:16:05.445Z" },
    { url = "https://files.pythonhosted.org/packages/77/f8/db10de764eab15521e542696b31d87471a1787115d4ac62e49b80afca7fa/aiofastnet-0.9.0-cp311-cp311-win_amd64.whl", hash = "sha256:8f136d493ec858cfb1e0e3b628c432b520b42893e3b3df7f28122965970c584e", size = 358940, upload-time = "2026-06-05T11:16:06.822Z" },
    { url = "https://files.pythonhosted.org/packages/f9/17/c2083e657fc22229b2f6c8a597899b3714156eefa993e78c813591d76291/aiofastnet-0.9.0-cp311-cp311-win_arm64.whl", hash = "sha256:43eb02dc5eaf59a5fd09653f95c903ec9723924cc9ab496270320a317a14d0fc", size = 312836, upload-time = "2026-06-05T11:16:08.083Z" },
]

[[package]]
name = "annotated-types"
version = "0.7.0"
source = { registry = "https://pypi.org/simple" }
sdist = { url = "https://files.pythonhosted.org/packages/ee/67/531ea369ba64dcff5ec9c3402f9f51bf748cec26dde048a2f973a4eea7f5/annotated_types-0.7.0.tar.gz", hash = "sha256:aff07c09a53a08bc8cfccb9c85b05f1aa9a2a6f23728d790723543408344ce89", size = 16081, upload-time = "2024-05-20T21:33:25.928Z" }
wheels = [
    { url = "https://files.pythonhosted.org/packages/78/b6/6307fbef88d9b5ee7421e68d78a9f162e0da4900bc5f5793f6d3d0e34fb8/annotated_types-0.7.0-py3-none-any.whl", hash = "sha256:1f02e8b43a8fbbc3f3e0d4f0f4bfc8131bcb4eebe8849b8e5c773f3a1c582a53", size = 13643, upload-time = "2024-05-20T21:33:24.1Z" },
]

[[package]]
name = "colorama"
version = "0.4.6"
source = { registry = "https://pypi.org/simple" }
sdist = { url = "https://files.pythonhosted.org/packages/d8/53/6f443c9a4a8358a93a6792e2acffb9d9d5cb0a5cfd8802644b7b1c9a02e4/colorama-0.4.6.tar.gz", hash = "sha256:08695f5cb7ed6e0531a20572697297273c47b8cae5a63ffc6d6ed5c201be6e44", size = 27697, upload-time = "2022-10-25T02:36:22.414Z" }
wheels = [
    { url = "https://files.pythonhosted.org/packages/d1/d6/3965ed04c63042e047cb6a3e6ed1a63a35087b6a609aa3a15ed8ac56c221/colorama-0.4.6-py2.py3-none-any.whl", hash = "sha256:4f1d9991f5acc0ca119f9d443620b77f9d6b33703e51011c16baf57afb285fc6", size = 25335, upload-time = "2022-10-25T02:36:20.889Z" },
]

[[package]]
name = "greenlet"
version = "3.5.1"
source = { registry = "https://pypi.org/simple" }
sdist = { url = "https://files.pythonhosted.org/packages/6d/6e/802acd792aebb2256fbbee8cacf2727faaeb6f240ac11008f09eae4414bc/greenlet-3.5.1.tar.gz", hash = "sha256:5a56aeb7d5d9cc4b3a735efb5095bd4b4f6f0e4f93e5ca876d0e2315137b7829", size = 197356, upload-time = "2026-05-20T15:05:03.917Z" }
wheels = [
    { url = "https://files.pythonhosted.org/packages/42/3c/ff890b466eaba2b0f5e6bdfff025f8c75f41b8ffdc3dbc3d24ad261e764a/greenlet-3.5.1-cp311-cp311-macosx_11_0_universal2.whl", hash = "sha256:73f78f9b9f0a5c06e5c946ba1e8e36f5114923b6be109ee618c54f079c3ea14f", size = 284764, upload-time = "2026-05-20T13:09:10.204Z" },
    { url = "https://files.pythonhosted.org/packages/81/0e/5e5457be3d256918f6a4756f073548a3f0190836e2cc94aa6d0d617a940b/greenlet-3.5.1-cp311-cp311-manylinux_2_24_aarch64.manylinux_2_28_aarch64.whl", hash = "sha256:a0cbed8bb44e23c5b199f888f4e4ce096b45ad9f25ff74a7ad0213875e936bb2", size = 603479, upload-time = "2026-05-20T14:00:04.757Z" },
    { url = "https://files.pythonhosted.org/packages/6d/e1/f89a21d58d308298e6f275f13a1b472ed96c680b601a371b08be6a725989/greenlet-3.5.1-cp311-cp311-manylinux_2_24_ppc64le.manylinux_2_28_ppc64le.whl", hash = "sha256:a203a8bd0acb0701653d3bbb26e404854a68674139ed5cbb778830f42b09bb33", size = 615495, upload-time = "2026-05-20T14:05:40.87Z" },
    { url = "https://files.pythonhosted.org/packages/75/de/af6cef182862d2ccd6975440d21c9058a77c3f9b469abf94e322dfd2e0e3/greenlet-3.5.1-cp311-cp311-manylinux_2_24_x86_64.manylinux_2_28_x86_64.whl", hash = "sha256:8a271fcd66c74615cda6a964fda3f304267a12e50a084472218a39bb0376f563", size = 614754, upload-time = "2026-05-20T13:14:24.947Z" },
    { url = "https://files.pythonhosted.org/packages/1a/c6/50e520283a9f19388a7326b05f9e8637e566003475eacaadad04f558c68d/greenlet-3.5.1-cp311-cp311-musllinux_1_2_aarch64.whl", hash = "sha256:ded7b068c7c31c1a8657d4fd42d886b3e051ae29f88b80c5ff9d502257b0f071", size = 1574097, upload-time = "2026-05-20T14:02:24.003Z" },
    { url = "https://files.pythonhosted.org/packages/21/1c/13abd1f4860d987fa5e1170a01930d6e6cd40d328de487a3c9fdaff0ffd0/greenlet-3.5.1-cp311-cp311-musllinux_1_2_x86_64.whl", hash = "sha256:d0932b81d72f552ded9d810d00021b64d89f2195a91ce115b893f943b7a4ab3c", size = 1641058, upload-time = "2026-05-20T13:14:31.83Z" },
    { url = "https://files.pythonhosted.org/packages/f5/56/5f332b7705545eac2dc01b4e9254d24a793f2656d55d5cc6b94ee59d22ae/greenlet-3.5.1-cp311-cp311-win_amd64.whl", hash = "sha256:88e300d136eac057b2397aa1cfd7328b4c87c7eb66a09c7bc6a1292234db474e", size = 238089, upload-time = "2026-05-20T13:14:03.229Z" },
    { url = "https://files.pythonhosted.org/packages/d9/a9/a3c2fa886c5b94863fb0e61b3bc14610b7aa94cf4f17f8741b11708305fc/greenlet-3.5.1-cp311-cp311-win_arm64.whl", hash = "sha256:cc6ab7e555c8a112ad3a76e368e86e12a2754bcae1652a5602e133ec7b635523", size = 234989, upload-time = "2026-05-20T13:08:27.715Z" },
]

[[package]]
name = "l3-data-feed"
version = "0.1.0"
source = { virtual = "." }
dependencies = [
    { name = "loguru" },
    { name = "picows" },
    { name = "pydantic" },
    { name = "pydantic-settings" },
    { name = "sqlalchemy" },
]

[package.metadata]
requires-dist = [
    { name = "loguru", specifier = ">=0.7.3" },
    { name = "picows", specifier = ">=2.1.1" },
    { name = "pydantic", specifier = ">=2.13.4" },
    { name = "pydantic-settings", specifier = ">=2.14.1" },
    { name = "sqlalchemy", specifier = ">=2.0.50" },
]

[[package]]
name = "loguru"
version = "0.7.3"
source = { registry = "https://pypi.org/simple" }
dependencies = [
    { name = "colorama", marker = "sys_platform == 'win32'" },
    { name = "win32-setctime", marker = "sys_platform == 'win32'" },
]
sdist = { url = "https://files.pythonhosted.org/packages/3a/05/a1dae3dffd1116099471c643b8924f5aa6524411dc6c63fdae648c4f1aca/loguru-0.7.3.tar.gz", hash = "sha256:19480589e77d47b8d85b2c827ad95d49bf31b0dcde16593892eb51dd18706eb6", size = 63559, upload-time = "2024-12-06T11:20:56.608Z" }
wheels = [
    { url = "https://files.pythonhosted.org/packages/0c/29/0348de65b8cc732daa3e33e67806420b2ae89bdce2b04af740289c5c6c8c/loguru-0.7.3-py3-none-any.whl", hash = "sha256:31a33c10c8e1e10422bfd431aeb5d351c7cf7fa671e3c4df004162264b28220c", size = 61595, upload-time = "2024-12-06T11:20:54.538Z" },
]

[[package]]
name = "multidict"
version = "6.7.1"
source = { registry = "https://pypi.org/simple" }
sdist = { url = "https://files.pythonhosted.org/packages/1a/c2/c2d94cbe6ac1753f3fc980da97b3d930efe1da3af3c9f5125354436c073d/multidict-6.7.1.tar.gz", hash = "sha256:ec6652a1bee61c53a3e5776b6049172c53b6aaba34f18c9ad04f82712bac623d", size = 102010, upload-time = "2026-01-26T02:46:45.979Z" }
wheels = [
    { url = "https://files.pythonhosted.org/packages/ce/f1/a90635c4f88fb913fbf4ce660b83b7445b7a02615bda034b2f8eb38fd597/multidict-6.7.1-cp311-cp311-macosx_10_9_universal2.whl", hash = "sha256:7ff981b266af91d7b4b3793ca3382e53229088d193a85dfad6f5f4c27fc73e5d", size = 76626, upload-time = "2026-01-26T02:43:26.485Z" },
    { url = "https://files.pythonhosted.org/packages/a6/9b/267e64eaf6fc637a15b35f5de31a566634a2740f97d8d094a69d34f524a4/multidict-6.7.1-cp311-cp311-macosx_10_9_x86_64.whl", hash = "sha256:844c5bca0b5444adb44a623fb0a1310c2f4cd41f402126bb269cd44c9b3f3e1e", size = 44706, upload-time = "2026-01-26T02:43:27.607Z" },
    { url = "https://files.pythonhosted.org/packages/dd/a4/d45caf2b97b035c57267791ecfaafbd59c68212004b3842830954bb4b02e/multidict-6.7.1-cp311-cp311-macosx_11_0_arm64.whl", hash = "sha256:f2a0a924d4c2e9afcd7ec64f9de35fcd96915149b2216e1cb2c10a56df483855", size = 44356, upload-time = "2026-01-26T02:43:28.661Z" },
    { url = "https://files.pythonhosted.org/packages/fd/d2/0a36c8473f0cbaeadd5db6c8b72d15bbceeec275807772bfcd059bef487d/multidict-6.7.1-cp311-cp311-manylinux1_i686.manylinux_2_28_i686.manylinux_2_5_i686.whl", hash = "sha256:8be1802715a8e892c784c0197c2ace276ea52702a0ede98b6310c8f255a5afb3", size = 244355, upload-time = "2026-01-26T02:43:31.165Z" },
    { url = "https://files.pythonhosted.org/packages/5d/16/8c65be997fd7dd311b7d39c7b6e71a0cb449bad093761481eccbbe4b42a2/multidict-6.7.1-cp311-cp311-manylinux2014_aarch64.manylinux_2_17_aarch64.manylinux_2_28_aarch64.whl", hash = "sha256:2e2d2ed645ea29f31c4c7ea1552fcfd7cb7ba656e1eafd4134a6620c9f5fdd9e", size = 246433, upload-time = "2026-01-26T02:43:32.581Z" },
    { url = "https://files.pythonhosted.org/packages/01/fb/4dbd7e848d2799c6a026ec88ad39cf2b8416aa167fcc903baa55ecaa045c/multidict-6.7.1-cp311-cp311-manylinux2014_armv7l.manylinux_2_17_armv7l.manylinux_2_31_armv7l.whl", hash = "sha256:95922cee9a778659e91db6497596435777bd25ed116701a4c034f8e46544955a", size = 225376, upload-time = "2026-01-26T02:43:34.417Z" },
    { url = "https://files.pythonhosted.org/packages/b6/8a/4a3a6341eac3830f6053062f8fbc9a9e54407c80755b3f05bc427295c2d0/multidict-6.7.1-cp311-cp311-manylinux2014_ppc64le.manylinux_2_17_ppc64le.manylinux_2_28_ppc64le.whl", hash = "sha256:6b83cabdc375ffaaa15edd97eb7c0c672ad788e2687004990074d7d6c9b140c8", size = 257365, upload-time = "2026-01-26T02:43:35.741Z" },
    { url = "https://files.pythonhosted.org/packages/f7/a2/dd575a69c1aa206e12d27d0770cdf9b92434b48a9ef0cd0d1afdecaa93c4/multidict-6.7.1-cp311-cp311-manylinux2014_s390x.manylinux_2_17_s390x.manylinux_2_28_s390x.whl", hash = "sha256:38fb49540705369bab8484db0689d86c0a33a0a9f2c1b197f506b71b4b6c19b0", size = 254747, upload-time = "2026-01-26T02:43:36.976Z" },
    { url = "https://files.pythonhosted.org/packages/5a/56/21b27c560c13822ed93133f08aa6372c53a8e067f11fbed37b4adcdac922/multidict-6.7.1-cp311-cp311-manylinux2014_x86_64.manylinux_2_17_x86_64.manylinux_2_28_x86_64.whl", hash = "sha256:439cbebd499f92e9aa6793016a8acaa161dfa749ae86d20960189f5398a19144", size = 246293, upload-time = "2026-01-26T02:43:38.258Z" },
    { url = "https://files.pythonhosted.org/packages/5a/a4/23466059dc3854763423d0ad6c0f3683a379d97673b1b89ec33826e46728/multidict-6.7.1-cp311-cp311-musllinux_1_2_aarch64.whl", hash = "sha256:6d3bc717b6fe763b8be3f2bee2701d3c8eb1b2a8ae9f60910f1b2860c82b6c49", size = 242962, upload-time = "2026-01-26T02:43:40.034Z" },
    { url = "https://files.pythonhosted.org/packages/1f/67/51dd754a3524d685958001e8fa20a0f5f90a6a856e0a9dcabff69be3dbb7/multidict-6.7.1-cp311-cp311-musllinux_1_2_armv7l.whl", hash = "sha256:619e5a1ac57986dbfec9f0b301d865dddf763696435e2962f6d9cf2fdff2bb71", size = 237360, upload-time = "2026-01-26T02:43:41.752Z" },
    { url = "https://files.pythonhosted.org/packages/64/3f/036dfc8c174934d4b55d86ff4f978e558b0e585cef70cfc1ad01adc6bf18/multidict-6.7.1-cp311-cp311-musllinux_1_2_i686.whl", hash = "sha256:0b38ebffd9be37c1170d33bc0f36f4f262e0a09bc1aac1c34c7aa51a7293f0b3", size = 245940, upload-time = "2026-01-26T02:43:43.042Z" },
    { url = "https://files.pythonhosted.org/packages/3d/20/6214d3c105928ebc353a1c644a6ef1408bc5794fcb4f170bb524a3c16311/multidict-6.7.1-cp311-cp311-musllinux_1_2_ppc64le.whl", hash = "sha256:10ae39c9cfe6adedcdb764f5e8411d4a92b055e35573a2eaa88d3323289ef93c", size = 253502, upload-time = "2026-01-26T02:43:44.371Z" },
    { url = "https://files.pythonhosted.org/packages/b1/e2/c653bc4ae1be70a0f836b82172d643fcf1dade042ba2676ab08ec08bff0f/multidict-6.7.1-cp311-cp311-musllinux_1_2_s390x.whl", hash = "sha256:25167cc263257660290fba06b9318d2026e3c910be240a146e1f66dd114af2b0", size = 247065, upload-time = "2026-01-26T02:43:45.745Z" },
    { url = "https://files.pythonhosted.org/packages/c8/11/a854b4154cd3bd8b1fd375e8a8ca9d73be37610c361543d56f764109509b/multidict-6.7.1-cp311-cp311-musllinux_1_2_x86_64.whl", hash = "sha256:128441d052254f42989ef98b7b6a6ecb1e6f708aa962c7984235316db59f50fa", size = 241870, upload-time = "2026-01-26T02:43:47.054Z" },
    { url = "https://files.pythonhosted.org/packages/13/bf/9676c0392309b5fdae322333d22a829715b570edb9baa8016a517b55b558/multidict-6.7.1-cp311-cp311-win32.whl", hash = "sha256:d62b7f64ffde3b99d06b707a280db04fb3855b55f5a06df387236051d0668f4a", size = 41302, upload-time = "2026-01-26T02:43:48.753Z" },
    { url = "https://files.pythonhosted.org/packages/c9/68/f16a3a8ba6f7b6dc92a1f19669c0810bd2c43fc5a02da13b1cbf8e253845/multidict-6.7.1-cp311-cp311-win_amd64.whl", hash = "sha256:bdbf9f3b332abd0cdb306e7c2113818ab1e922dc84b8f8fd06ec89ed2a19ab8b", size = 45981, upload-time = "2026-01-26T02:43:49.921Z" },
    { url = "https://files.pythonhosted.org/packages/ac/ad/9dd5305253fa00cd3c7555dbef69d5bf4133debc53b87ab8d6a44d411665/multidict-6.7.1-cp311-cp311-win_arm64.whl", hash = "sha256:b8c990b037d2fff2f4e33d3f21b9b531c5745b33a49a7d6dbe7a177266af44f6", size = 43159, upload-time = "2026-01-26T02:43:51.635Z" },
    { url = "https://files.pythonhosted.org/packages/81/08/7036c080d7117f28a4af526d794aab6a84463126db031b007717c1a6676e/multidict-6.7.1-py3-none-any.whl", hash = "sha256:55d97cc6dae627efa6a6e548885712d4864b81110ac76fa4e534c03819fa4a56", size = 12319, upload-time = "2026-01-26T02:46:44.004Z" },
]

[[package]]
name = "picows"
version = "2.1.1"
source = { registry = "https://pypi.org/simple" }
dependencies = [
    { name = "aiofastnet" },
    { name = "multidict" },
    { name = "python-socks" },
]
sdist = { url = "https://files.pythonhosted.org/packages/ce/97/2b370633acf67f72bb1934367df500bc2005d8e0b75a9206dfc79d91d2aa/picows-2.1.1.tar.gz", hash = "sha256:16ce4fc1a639d03e858b717b12137321ee856e0b6aa8017bb9966c137faab32a", size = 93361, upload-time = "2026-06-05T12:15:14.882Z" }
wheels = [
    { url = "https://files.pythonhosted.org/packages/bf/89/3842eadf8a29aa27d57e77a34abc68d8040e3eb7766044c8ac81bc030095/picows-2.1.1-cp311-cp311-macosx_10_9_x86_64.whl", hash = "sha256:b23955ce1401c16234d741ce70479aff8650c59566aa7cef408d498271b8ba78", size = 369216, upload-time = "2026-06-05T12:13:57.671Z" },
    { url = "https://files.pythonhosted.org/packages/cb/c1/374af7690ee872d3aa6b51cb21c8b4794d84ac6019e8d06ad5a97604ddf4/picows-2.1.1-cp311-cp311-macosx_11_0_arm64.whl", hash = "sha256:5cb8cf069dd2110c3f8a013f7796a27ee1f0807c9695e5c668fffc6d9fbcae7f", size = 347824, upload-time = "2026-06-05T12:13:59.053Z" },
    { url = "https://files.pythonhosted.org/packages/4d/aa/06e0b54844431248ad5f90182d08b0c5522be3d16bc66db094da4a8c4bab/picows-2.1.1-cp311-cp311-manylinux2014_aarch64.manylinux_2_17_aarch64.manylinux_2_28_aarch64.whl", hash = "sha256:bea3749db9e66ddf04a756c28c4aa0c852af26a7e7e12e1d97369a1415da3592", size = 393757, upload-time = "2026-06-05T12:14:00.455Z" },
    { url = "https://files.pythonhosted.org/packages/be/23/18e76e287164336db7be70c0da0e21de545ce95fa5dc14a12e93a26599f8/picows-2.1.1-cp311-cp311-manylinux2014_x86_64.manylinux_2_17_x86_64.manylinux_2_28_x86_64.whl", hash = "sha256:19c06c84a74af01d6df82994a4f711e9f1aa0c9128bddc58edb1552ecb790c5d", size = 424322, upload-time = "2026-06-05T12:14:02.002Z" },
    { url = "https://files.pythonhosted.org/packages/71/26/ffb2a9b8fcf87d625031aca148a02cf8f1e97bf17962a95e9e32c6e9351d/picows-2.1.1-cp311-cp311-musllinux_1_2_aarch64.whl", hash = "sha256:38d20fa3d8c66e15152acc296c700c4895fd52520945e7eae0b277abd77c2585", size = 399526, upload-time = "2026-06-05T12:14:03.461Z" },
    { url = "https://files.pythonhosted.org/packages/52/d5/9cbd4899f15fd2b1d846dcef03b21c40456be8668e5cc4c5af71fc2c69d0/picows-2.1.1-cp311-cp311-musllinux_1_2_x86_64.whl", hash = "sha256:cf4d5b0c61c7c25d806d919429a38e06c98ed2f9cd1e23c1a0e7510d15eb80b3", size = 428624, upload-time = "2026-06-05T12:14:04.985Z" },
    { url = "https://files.pythonhosted.org/packages/6f/92/5e45056ef75e9ea702ef98f9b015b84a1cd7b94ae31dd0df02a8625dd8ad/picows-2.1.1-cp311-cp311-win32.whl", hash = "sha256:36df06f2573f713ef477d532fdc7e277c31d49263609767e490e52fb53b3f350", size = 293178, upload-time = "2026-06-05T12:14:06.271Z" },
    { url = "https://files.pythonhosted.org/packages/55/d1/706d8a1ae56630c6ff5252c5c3c5617c571fc73fb4438181c3e5111b46a1/picows-2.1.1-cp311-cp311-win_amd64.whl", hash = "sha256:cca9cd6035d8da8d4fa816d76fb8f759dfc426fe7129a52776e9a1ad648ab45e", size = 339260, upload-time = "2026-06-05T12:14:07.838Z" },
    { url = "https://files.pythonhosted.org/packages/c7/a4/2e26d345ebd917fd855dd84635b3fdc0e714fa2670c120e556e1ca78878d/picows-2.1.1-cp311-cp311-win_arm64.whl", hash = "sha256:8751bbe22c260416f7088a1a3662e264eb41d5e476cada3b8a7c2c1f2d3d0187", size = 289143, upload-time = "2026-06-05T12:14:09.115Z" },
]

[[package]]
name = "pydantic"
version = "2.13.4"
source = { registry = "https://pypi.org/simple" }
dependencies = [
    { name = "annotated-types" },
    { name = "pydantic-core" },
    { name = "typing-extensions" },
    { name = "typing-inspection" },
]
sdist = { url = "https://files.pythonhosted.org/packages/18/a5/b60d21ac674192f8ab0ba4e9fd860690f9b4a6e51ca5df118733b487d8d6/pydantic-2.13.4.tar.gz", hash = "sha256:c40756b57adaa8b1efeeced5c196f3f3b7c435f90e84ea7f443901bec8099ef6", size = 844775, upload-time = "2026-05-06T13:43:05.343Z" }
wheels = [
    { url = "https://files.pythonhosted.org/packages/fd/7b/122376b1fd3c62c1ed9dc80c931ace4844b3c55407b6fb2d199377c9736f/pydantic-2.13.4-py3-none-any.whl", hash = "sha256:45a282cde31d808236fd7ea9d919b128653c8b38b393d1c4ab335c62924d9aba", size = 472262, upload-time = "2026-05-06T13:43:02.641Z" },
]

[[package]]
name = "pydantic-core"
version = "2.46.4"
source = { registry = "https://pypi.org/simple" }
dependencies = [
    { name = "typing-extensions" },
]
sdist = { url = "https://files.pythonhosted.org/packages/9d/56/921726b776ace8d8f5db44c4ef961006580d91dc52b803c489fafd1aa249/pydantic_core-2.46.4.tar.gz", hash = "sha256:62f875393d7f270851f20523dd2e29f082bcc82292d66db2b64ea71f64b6e1c1", size = 471464, upload-time = "2026-05-06T13:37:06.98Z" }
wheels = [
    { url = "https://files.pythonhosted.org/packages/5c/fa/6d7708d2cfc1a832acb6aeb0cd16e801902df8a0f583bb3b4b527fde022e/pydantic_core-2.46.4-cp311-cp311-macosx_10_12_x86_64.whl", hash = "sha256:0e96592440881c74a213e5ad528e2b24d3d4f940de2766bed9010ab1d9e51594", size = 2111872, upload-time = "2026-05-06T13:40:27.596Z" },
    { url = "https://files.pythonhosted.org/packages/ae/6f/aa064a3e74b5745afbdf250594f38e7ead05e2d651bcb35994b9417a0d4d/pydantic_core-2.46.4-cp311-cp311-macosx_11_0_arm64.whl", hash = "sha256:e0d65b8c354be7fb5f720c3caa8bc940bc2d20ce749c8e06135f07f8ed95dd7c", size = 1948255, upload-time = "2026-05-06T13:39:12.574Z" },
    { url = "https://files.pythonhosted.org/packages/43/3a/41114a9f7569b84b4d84e7a018c57c56347dac30c0d4a872946ec4e36c46/pydantic_core-2.46.4-cp311-cp311-manylinux_2_17_aarch64.manylinux2014_aarch64.whl", hash = "sha256:7bfb192b3f4b9e8a89b6277b6ce787564f62cfd272055f6e685726b111dc7826", size = 1972827, upload-time = "2026-05-06T13:38:19.841Z" },
    { url = "https://files.pythonhosted.org/packages/ef/25/1ab42e8048fe551934d9884e8d64daa7e990ad386f310a15981aeb6a5b08/pydantic_core-2.46.4-cp311-cp311-manylinux_2_17_armv7l.manylinux2014_armv7l.whl", hash = "sha256:9037063db01f09b09e237c282b6792bd4da634b5402c4e7f0c61effed7701a04", size = 2041051, upload-time = "2026-05-06T13:38:10.447Z" },
    { url = "https://files.pythonhosted.org/packages/94/c2/1a934597ddf08da410385b3b7aae91956a5a76c635effef456074fad7e88/pydantic_core-2.46.4-cp311-cp311-manylinux_2_17_ppc64le.manylinux2014_ppc64le.whl", hash = "sha256:fc010ab034c8c7452522748bf937df58020d256ccae0874463d1f4d01758af8e", size = 2221314, upload-time = "2026-05-06T13:40:13.089Z" },
    { url = "https://files.pythonhosted.org/packages/02/6d/9e8ad178c9c4df27ad3c8f25d1fe2a7ab0d2ba0559fad4aee5d3d1f16771/pydantic_core-2.46.4-cp311-cp311-manylinux_2_17_s390x.manylinux2014_s390x.whl", hash = "sha256:8c5dac79fa1614d1e06ca695109c6105923bd9c7d1d6c918d4e637b7e6b32fd3", size = 2285146, upload-time = "2026-05-06T13:38:59.224Z" },
    { url = "https://files.pythonhosted.org/packages/80/50/540cd3aeefc041beb111125c4bff779831a2111fc6b15a9138cda277d32c/pydantic_core-2.46.4-cp311-cp311-manylinux_2_17_x86_64.manylinux2014_x86_64.whl", hash = "sha256:f9fa868638bf362d3d138ea55829cefb3d5f4b0d7f142234382a15e2485dbec4", size = 2089685, upload-time = "2026-05-06T13:38:17.762Z" },
    { url = "https://files.pythonhosted.org/packages/6b/a4/b440ad35f05f6a38f89fa0f149accb3f0e02be94ca5e15f3c449a61b4bc9/pydantic_core-2.46.4-cp311-cp311-manylinux_2_31_riscv64.whl", hash = "sha256:17299feefe090f2caa5b8e37222bb5f663e4935a8bfa6931d4102e5df1a9f398", size = 2115420, upload-time = "2026-05-06T13:37:58.195Z" },
    { url = "https://files.pythonhosted.org/packages/99/61/de4f55db8dfd57bfdfa9a12ec90fe1b57c4f41062f7ca86f08586b3e0ac0/pydantic_core-2.46.4-cp311-cp311-manylinux_2_5_i686.manylinux1_i686.whl", hash = "sha256:4c63ebc82684aa89d9a3bcbd13d515b3be44250dc68dd3bd81526c1cb31286c3", size = 2165122, upload-time = "2026-05-06T13:37:01.167Z" },
    { url = "https://files.pythonhosted.org/packages/f7/52/7c529d7bdb2d1068bd52f51fe32572c8301f9a4febf1948f10639f1436f5/pydantic_core-2.46.4-cp311-cp311-musllinux_1_1_aarch64.whl", hash = "sha256:aaa2a54443eff1950ba5ddc6b6ccda0d9c84a364276a62f969bdf2a390650848", size = 2182573, upload-time = "2026-05-06T13:38:45.04Z" },
    { url = "https://files.pythonhosted.org/packages/37/b3/7c40325848ba78247f2812dcf9c7274e38cd801820ca6dd9fe63bcfb0eb4/pydantic_core-2.46.4-cp311-cp311-musllinux_1_1_armv7l.whl", hash = "sha256:18e5ceec2ab67e6d5f1a9085e5a24c9c4e2ac4545730bfe668680bca05e555f3", size = 2317139, upload-time = "2026-05-06T13:37:15.539Z" },
    { url = "https://files.pythonhosted.org/packages/d9/37/f913f81a657c865b75da6c0dbed79876073c2a43b5bd9edbe8da785e4d49/pydantic_core-2.46.4-cp311-cp311-musllinux_1_1_x86_64.whl", hash = "sha256:a0f62d0a58f4e7da165457e995725421e0064f2255d8eccebc49f41bbc23b109", size = 2360433, upload-time = "2026-05-06T13:37:30.099Z" },
    { url = "https://files.pythonhosted.org/packages/c4/67/6acaa1be2567f9256b056d8477158cac7240813956ce86e49deae8e173b4/pydantic_core-2.46.4-cp311-cp311-win32.whl", hash = "sha256:041bde0a48fd37cf71cab1c9d56d3e8625a3793fef1f7dd232b3ff37e978ecda", size = 1985513, upload-time = "2026-05-06T13:38:15.669Z" },
    { url = "https://files.pythonhosted.org/packages/aa/e6/c505f83dfeda9a2e5c995cfd872949e4d05e12f7feb3dca72f633daefa94/pydantic_core-2.46.4-cp311-cp311-win_amd64.whl", hash = "sha256:6f2eeda33a839975441c86a4119e1383c50b47faf0cbb5176985565c6bb02c33", size = 2071114, upload-time = "2026-05-06T13:40:35.416Z" },
    { url = "https://files.pythonhosted.org/packages/0f/da/7a263a96d965d9d0df5e8de8a475f33495451117035b09acb110288c381f/pydantic_core-2.46.4-cp311-cp311-win_arm64.whl", hash = "sha256:14f4c5d6db102bd796a627bbb3a17b4cf4574b9ae861d8b7c9a9661c6dd3362d", size = 2044298, upload-time = "2026-05-06T13:38:29.754Z" },
    { url = "https://files.pythonhosted.org/packages/ee/a4/73995fd4ebbb46ba0ee51e6fa049b8f02c40daebb762208feda8a6b7894d/pydantic_core-2.46.4-graalpy311-graalpy242_311_native-macosx_10_12_x86_64.whl", hash = "sha256:14d4edf427bdcf950a8a02d7cb44a08614388dd6e1bdcbf4f67504fa7887da9c", size = 2111589, upload-time = "2026-05-06T13:37:10.817Z" },
    { url = "https://files.pythonhosted.org/packages/fb/7f/f37d3a5e8bfcc2e403f5c57a730f2d815693fb42119e8ea48b3789335af1/pydantic_core-2.46.4-graalpy311-graalpy242_311_native-macosx_11_0_arm64.whl", hash = "sha256:0ce40cd7b21210e99342afafbd4d0f76d784eb5b1d60f3bdc566be4983c6c73b", size = 1944552, upload-time = "2026-05-06T13:36:56.717Z" },
    { url = "https://files.pythonhosted.org/packages/15/3c/d7eb777b3ff43e8433a4efb39a17aa8fd98a4ee8561a24a67ef5db07b2d6/pydantic_core-2.46.4-graalpy311-graalpy242_311_native-manylinux_2_17_aarch64.manylinux2014_aarch64.whl", hash = "sha256:90884113d8b48f760e9587002789ddd741e76ab9f89518cd1e43b1f1a52ec44b", size = 1982984, upload-time = "2026-05-06T13:39:06.207Z" },
    { url = "https://files.pythonhosted.org/packages/63/87/70b9f40170a81afd55ca26c9b2acb25c20d64bcfbf888fafecb3ba077d4c/pydantic_core-2.46.4-graalpy311-graalpy242_311_native-manylinux_2_17_x86_64.manylinux2014_x86_64.whl", hash = "sha256:66ce7632c22d837c95301830e111ad0128a32b8207533b60896a96c4915192ea", size = 2138417, upload-time = "2026-05-06T13:39:45.476Z" },
    { url = "https://files.pythonhosted.org/packages/11/cb/428de0385b6c8d44b716feba566abfacfbd23ee3c4439faa789a1456242f/pydantic_core-2.46.4-pp311-pypy311_pp73-macosx_10_12_x86_64.whl", hash = "sha256:0c563b08bca408dc7f65f700633d8442fffb2421fc47b8101377e9fd65051ff0", size = 2112782, upload-time = "2026-05-06T13:37:04.016Z" },
    { url = "https://files.pythonhosted.org/packages/0b/b5/6a17bdadd0fc1f170adfd05a20d37c832f52b117b4d9131da1f41bb097ce/pydantic_core-2.46.4-pp311-pypy311_pp73-macosx_11_0_arm64.whl", hash = "sha256:db06ffe51636ffe9ca531fe9023dd64bdd794be8754cb5df57c5498ae5b518a7", size = 1952146, upload-time = "2026-05-06T13:39:43.092Z" },
    { url = "https://files.pythonhosted.org/packages/2a/dc/03734d80e362cd43ef65428e9de77c730ce7f2f11c60d2b1e1b39f0fbf99/pydantic_core-2.46.4-pp311-pypy311_pp73-manylinux_2_17_x86_64.manylinux2014_x86_64.whl", hash = "sha256:133878133d271ade3d41d1bfb2a45ec38dbdbda40bc065921c6b04e4630127e2", size = 2134492, upload-time = "2026-05-06T13:36:58.124Z" },
    { url = "https://files.pythonhosted.org/packages/de/df/5e5ffc085ed07cc22d298134d3d911c63e91f6a0eb91fe646750a3209910/pydantic_core-2.46.4-pp311-pypy311_pp73-manylinux_2_5_i686.manylinux1_i686.whl", hash = "sha256:9bc519fbf2b7578398853d815009ae5e4d4603d12f4e3f91da8c06852d3da3e9", size = 2156604, upload-time = "2026-05-06T13:37:49.88Z" },
    { url = "https://files.pythonhosted.org/packages/81/44/6e112a4253e56f5705467cbab7ab5e91ee7398ba3d56d358635958893d3e/pydantic_core-2.46.4-pp311-pypy311_pp73-musllinux_1_1_aarch64.whl", hash = "sha256:c7a7bd4e39e8e4c12c39cd480356842b6a8a06e41b23a55a5e3e191718838ddf", size = 2183828, upload-time = "2026-05-06T13:37:43.053Z" },
    { url = "https://files.pythonhosted.org/packages/ac/ad/5565071e937d8e752842ac241463944c9eb14c87e2d269f2658a5bd05e98/pydantic_core-2.46.4-pp311-pypy311_pp73-musllinux_1_1_armv7l.whl", hash = "sha256:d396ec2b979760aaf3218e76c24e65bd0aca24983298653b3a9d7a45f9e47b30", size = 2310000, upload-time = "2026-05-06T13:37:56.694Z" },
    { url = "https://files.pythonhosted.org/packages/4f/c3/66883a5cec183e7fba4d024b4cbbe61851a63750ef606b0afecc46d1f2bf/pydantic_core-2.46.4-pp311-pypy311_pp73-musllinux_1_1_x86_64.whl", hash = "sha256:86e1a4418c6cd97d60c95c71164158eaf7324fae7b0923264016baa993eba6fc", size = 2361286, upload-time = "2026-05-06T13:40:05.667Z" },
    { url = "https://files.pythonhosted.org/packages/4b/2d/69abac8f838090bbecd5df894befb2c2619e7996a98ddb949db9f3b93225/pydantic_core-2.46.4-pp311-pypy311_pp73-win_amd64.whl", hash = "sha256:d51026d73fcfd93610abc7b27789c26b313920fcfb20e27462d74a7f8b06e983", size = 2193071, upload-time = "2026-05-06T13:38:08.682Z" },
]

[[package]]
name = "pydantic-settings"
version = "2.14.1"
source = { registry = "https://pypi.org/simple" }
dependencies = [
    { name = "pydantic" },
    { name = "python-dotenv" },
    { name = "typing-inspection" },
]
sdist = { url = "https://files.pythonhosted.org/packages/07/60/1d1e59c9c90d54591469ada7d268251f71c24bdb765f1a8a832cee8c6653/pydantic_settings-2.14.1.tar.gz", hash = "sha256:e874d3bec7e787b0c9958277956ed9b4dd5de6a80e162188fdaff7c5e26fd5fa", size = 235551, upload-time = "2026-05-08T13:40:06.542Z" }
wheels = [
    { url = "https://files.pythonhosted.org/packages/ae/8d/f1af3832f5e6eb13ba94ee809e72b8ecb5eef226d27ee0bef7d963d943c7/pydantic_settings-2.14.1-py3-none-any.whl", hash = "sha256:6e3c7edfd8277687cdc598f56e5cff0e9bfff0910a3749deaa8d4401c3a2b9de", size = 60964, upload-time = "2026-05-08T13:40:04.958Z" },
]

[[package]]
name = "python-dotenv"
version = "1.2.2"
source = { registry = "https://pypi.org/simple" }
sdist = { url = "https://files.pythonhosted.org/packages/82/ed/0301aeeac3e5353ef3d94b6ec08bbcabd04a72018415dcb29e588514bba8/python_dotenv-1.2.2.tar.gz", hash = "sha256:2c371a91fbd7ba082c2c1dc1f8bf89ca22564a087c2c287cd9b662adde799cf3", size = 50135, upload-time = "2026-03-01T16:00:26.196Z" }
wheels = [
    { url = "https://files.pythonhosted.org/packages/0b/d7/1959b9648791274998a9c3526f6d0ec8fd2233e4d4acce81bbae76b44b2a/python_dotenv-1.2.2-py3-none-any.whl", hash = "sha256:1d8214789a24de455a8b8bd8ae6fe3c6b69a5e3d64aa8a8e5d68e694bbcb285a", size = 22101, upload-time = "2026-03-01T16:00:25.09Z" },
]

[[package]]
name = "python-socks"
version = "2.8.1"
source = { registry = "https://pypi.org/simple" }
sdist = { url = "https://files.pythonhosted.org/packages/36/0b/cd77011c1bc01b76404f7aba07fca18aca02a19c7626e329b40201217624/python_socks-2.8.1.tar.gz", hash = "sha256:698daa9616d46dddaffe65b87db222f2902177a2d2b2c0b9a9361df607ab3687", size = 38909, upload-time = "2026-02-16T05:24:00.745Z" }
wheels = [
    { url = "https://files.pythonhosted.org/packages/15/fe/9a58cb6eec633ff6afae150ca53c16f8cc8b65862ccb3d088051efdfceb7/python_socks-2.8.1-py3-none-any.whl", hash = "sha256:28232739c4988064e725cdbcd15be194743dd23f1c910f784163365b9d7be035", size = 55087, upload-time = "2026-02-16T05:23:59.147Z" },
]

[[package]]
name = "sqlalchemy"
version = "2.0.50"
source = { registry = "https://pypi.org/simple" }
dependencies = [
    { name = "greenlet", marker = "platform_machine == 'AMD64' or platform_machine == 'WIN32' or platform_machine == 'aarch64' or platform_machine == 'amd64' or platform_machine == 'ppc64le' or platform_machine == 'win32' or platform_machine == 'x86_64'" },
    { name = "typing-extensions" },
]
sdist = { url = "https://files.pythonhosted.org/packages/57/da/6fbf010c8ebb347679d0d100b22fe9ba5e13fd04046c5df7280d2f0bf706/sqlalchemy-2.0.50.tar.gz", hash = "sha256:af5607d11ef90fd6a5c0549fe0045dce1663d427426bcfb506dcb5346a85a3b9", size = 9907424, upload-time = "2026-05-24T19:20:04.018Z" }
wheels = [
    { url = "https://files.pythonhosted.org/packages/b6/5d/3172686af1770e4de2805f919a51441085f589ddadf3dd76ec582f84f497/sqlalchemy-2.0.50-cp311-cp311-macosx_11_0_arm64.whl", hash = "sha256:1aa6e403663a9c43c8fef7ce4bdb4cf48bcd8d352e91deda2a99f963270bd508", size = 2161366, upload-time = "2026-05-24T20:00:02.061Z" },
    { url = "https://files.pythonhosted.org/packages/0f/90/e98dedea3c3e663a17afcd003a34ba45efdac2cea3b6f2e4585e2b1e2537/sqlalchemy-2.0.50-cp311-cp311-manylinux2014_aarch64.manylinux_2_17_aarch64.manylinux_2_28_aarch64.whl", hash = "sha256:51b637a84f9fa35ae1f9017e786cb142974a25305085e1b378b3647a67f65ad3", size = 3318926, upload-time = "2026-05-24T20:07:42.369Z" },
    { url = "https://files.pythonhosted.org/packages/3b/4f/501308c2babb62c11753ecb4ee88ba9eef019419a4d6cbf7cb13e2bad353/sqlalchemy-2.0.50-cp311-cp311-manylinux2014_x86_64.manylinux_2_17_x86_64.manylinux_2_28_x86_64.whl", hash = "sha256:2dab927761d9108550f0cf8e66ff21af56f907a0ce0a689793db615e2b55f62c", size = 3319199, upload-time = "2026-05-24T20:14:28.551Z" },
    { url = "https://files.pythonhosted.org/packages/ac/39/d88996c5e03ed6248c3a788d20f0b8d8b376b9f8a495e4bab9df7c72d2f8/sqlalchemy-2.0.50-cp311-cp311-musllinux_1_2_aarch64.whl", hash = "sha256:545eae198d37bcf837a10ede3684e2af32458d6f35c597c35c2de7502dc38fc4", size = 3270301, upload-time = "2026-05-24T20:07:44.917Z" },
    { url = "https://files.pythonhosted.org/packages/42/1b/1ae0e65161b51cc43e5ca75430ef79d80e23b5042d645586c2c342c3b92e/sqlalchemy-2.0.50-cp311-cp311-musllinux_1_2_x86_64.whl", hash = "sha256:0fec460e18cdbb4c7773531122ce9a27e96c6ca17af3933941d94da475ad2c86", size = 3293465, upload-time = "2026-05-24T20:14:30.501Z" },
    { url = "https://files.pythonhosted.org/packages/83/29/17c0003f2c0dfa6d1b97672475707e3ec5980db09defd7fa20beb6833bbd/sqlalchemy-2.0.50-cp311-cp311-win32.whl", hash = "sha256:e6e814658818fd165e749e3d8490ef16cc7f379a118c37ada8b0589ffbaaac22", size = 2120694, upload-time = "2026-05-24T20:08:09.237Z" },
    { url = "https://files.pythonhosted.org/packages/c9/18/280d00654cc19d1fccf236fa5070f6dd04b84dde6f1b2e637bde0ff340a7/sqlalchemy-2.0.50-cp311-cp311-win_amd64.whl", hash = "sha256:1c5f858fe79c9f5d8fda065c06186356acb7f8df3cd52dbd5ee3f200e4b144f5", size = 2145315, upload-time = "2026-05-24T20:08:10.952Z" },
    { url = "https://files.pythonhosted.org/packages/d0/10/f7220e9b784d295d241c86ed99aeb537f92afcd469a64861f2717e9bb077/sqlalchemy-2.0.50-py3-none-any.whl", hash = "sha256:92064363517a3ff8212b5a93b8c62876579d8dfd1ca5b561335f30152d884fa9", size = 1943861, upload-time = "2026-05-24T19:59:01.119Z" },
]

[[package]]
name = "typing-extensions"
version = "4.15.0"
source = { registry = "https://pypi.org/simple" }
sdist = { url = "https://files.pythonhosted.org/packages/72/94/1a15dd82efb362ac84269196e94cf00f187f7ed21c242792a923cdb1c61f/typing_extensions-4.15.0.tar.gz", hash = "sha256:0cea48d173cc12fa28ecabc3b837ea3cf6f38c6d1136f85cbaaf598984861466", size = 109391, upload-time = "2025-08-25T13:49:26.313Z" }
wheels = [
    { url = "https://files.pythonhosted.org/packages/18/67/36e9267722cc04a6b9f15c7f3441c2363321a3ea07da7ae0c0707beb2a9c/typing_extensions-4.15.0-py3-none-any.whl", hash = "sha256:f0fa19c6845758ab08074a0cfa8b7aecb71c999ca73d62883bc25cc018c4e548", size = 44614, upload-time = "2025-08-25T13:49:24.86Z" },
]

[[package]]
name = "typing-inspection"
version = "0.4.2"
source = { registry = "https://pypi.org/simple" }
dependencies = [
    { name = "typing-extensions" },
]
sdist = { url = "https://files.pythonhosted.org/packages/55/e3/70399cb7dd41c10ac53367ae42139cf4b1ca5f36bb3dc6c9d33acdb43655/typing_inspection-0.4.2.tar.gz", hash = "sha256:ba561c48a67c5958007083d386c3295464928b01faa735ab8547c5692e87f464", size = 75949, upload-time = "2025-10-01T02:14:41.687Z" }
wheels = [
    { url = "https://files.pythonhosted.org/packages/dc/9b/47798a6c91d8bdb567fe2698fe81e0c6b7cb7ef4d13da4114b41d239f65d/typing_inspection-0.4.2-py3-none-any.whl", hash = "sha256:4ed1cacbdc298c220f1bd249ed5287caa16f34d44ef4e9c3d0cbad5b521545e7", size = 14611, upload-time = "2025-10-01T02:14:40.154Z" },
]

[[package]]
name = "win32-setctime"
version = "1.2.0"
source = { registry = "https://pypi.org/simple" }
sdist = { url = "https://files.pythonhosted.org/packages/b3/8f/705086c9d734d3b663af0e9bb3d4de6578d08f46b1b101c2442fd9aecaa2/win32_setctime-1.2.0.tar.gz", hash = "sha256:ae1fdf948f5640aae05c511ade119313fb6a30d7eabe25fef9764dca5873c4c0", size = 4867, upload-time = "2024-12-07T15:28:28.314Z" }
wheels = [
    { url = "https://files.pythonhosted.org/packages/e1/07/c6fe3ad3e685340704d314d765b7912993bcb8dc198f0e7a89382d37974b/win32_setctime-1.2.0-py3-none-any.whl", hash = "sha256:95d644c4e708aba81dc3704a116d8cbc974d70b3bdb8be1d150e36be6e9d1390", size = 4083, upload-time = "2024-12-07T15:28:26.465Z" },
]
